// !$*UTF8*$!
{
	archiveVersion = 1;
	classes = {
	};
	objectVersion = 77;
	objects = {

/* Begin PBXBuildFile section */
		4984E6CB2D731BC600A6288A /* Localizable.xcstrings in Resources */ = {isa = PBXBuildFile; fileRef = 4984E6CA2D731BC600A6288A /* Localizable.xcstrings */; };
		57F5337D85E99C4A21D785F6 /* Pods_noseTests.framework in Frameworks */ = {isa = PBXBuildFile; fileRef = 312A9D10F92AD4AC6B98F711 /* Pods_noseTests.framework */; };
		90E1384E390AC4D7DCDC4D2F /* Pods-nose-metadata.plist in Resources */ = {isa = PBXBuildFile; fileRef = 6BAD938A99764361A6E14FC3 /* Pods-nose-metadata.plist */; };
		91CD46407E2EDDD0C40362EF /* Pods_nose.framework in Frameworks */ = {isa = PBXBuildFile; fileRef = B915CAA5A41A6C145FBB9A8E /* Pods_nose.framework */; };
		B7CAEC479D70B5D8F8894E97 /* Pods_noseUITests.framework in Frameworks */ = {isa = PBXBuildFile; fileRef = 1EA110E7250EA988152DF452 /* Pods_noseUITests.framework */; };
		F48FCEE9B776081042DD07E7 /* Pods-nose-noseUITests-metadata.plist in Resources */ = {isa = PBXBuildFile; fileRef = 76DC80AC657D4235EC30D629 /* Pods-nose-noseUITests-metadata.plist */; };
/* End PBXBuildFile section */

/* Begin PBXContainerItemProxy section */
		49E99C0D2D3BE433000F3CE5 /* PBXContainerItemProxy */ = {
			isa = PBXContainerItemProxy;
			containerPortal = 49E99BEE2D3BE432000F3CE5 /* Project object */;
			proxyType = 1;
			remoteGlobalIDString = 49E99BF52D3BE432000F3CE5;
			remoteInfo = nose;
		};
		49E99C172D3BE433000F3CE5 /* PBXContainerItemProxy */ = {
			isa = PBXContainerItemProxy;
			containerPortal = 49E99BEE2D3BE432000F3CE5 /* Project object */;
			proxyType = 1;
			remoteGlobalIDString = 49E99BF52D3BE432000F3CE5;
			remoteInfo = nose;
		};
/* End PBXContainerItemProxy section */

/* Begin PBXCopyFilesBuildPhase section */
		4905FC472D663428000EDA11 /* Embed Frameworks */ = {
			isa = PBXCopyFilesBuildPhase;
			buildActionMask = 2147483647;
			dstPath = "";
			dstSubfolderSpec = 10;
			files = (
			);
			name = "Embed Frameworks";
			runOnlyForDeploymentPostprocessing = 0;
		};
/* End PBXCopyFilesBuildPhase section */

/* Begin PBXFileReference section */
		00E3D4FEC9749AF0761692A9 /* Pods-noseTests.production.xcconfig */ = {isa = PBXFileReference; includeInIndex = 1; lastKnownFileType = text.xcconfig; name = "Pods-noseTests.production.xcconfig"; path = "Target Support Files/Pods-noseTests/Pods-noseTests.production.xcconfig"; sourceTree = "<group>"; };
		1EA110E7250EA988152DF452 /* Pods_noseUITests.framework */ = {isa = PBXFileReference; explicitFileType = wrapper.framework; includeInIndex = 0; path = Pods_noseUITests.framework; sourceTree = BUILT_PRODUCTS_DIR; };
		2B7F922E0F5C4EA04FBCABDB /* Pods-noseUITests.development.xcconfig */ = {isa = PBXFileReference; includeInIndex = 1; lastKnownFileType = text.xcconfig; name = "Pods-noseUITests.development.xcconfig"; path = "Target Support Files/Pods-noseUITests/Pods-noseUITests.development.xcconfig"; sourceTree = "<group>"; };
		312A9D10F92AD4AC6B98F711 /* Pods_noseTests.framework */ = {isa = PBXFileReference; explicitFileType = wrapper.framework; includeInIndex = 0; path = Pods_noseTests.framework; sourceTree = BUILT_PRODUCTS_DIR; };
		4984E6CA2D731BC600A6288A /* Localizable.xcstrings */ = {isa = PBXFileReference; lastKnownFileType = text.json.xcstrings; path = Localizable.xcstrings; sourceTree = "<group>"; };
		49E99BF62D3BE432000F3CE5 /* nose.app */ = {isa = PBXFileReference; explicitFileType = wrapper.application; includeInIndex = 0; path = nose.app; sourceTree = BUILT_PRODUCTS_DIR; };
		49E99C0C2D3BE433000F3CE5 /* noseTests.xctest */ = {isa = PBXFileReference; explicitFileType = wrapper.cfbundle; includeInIndex = 0; path = noseTests.xctest; sourceTree = BUILT_PRODUCTS_DIR; };
		49E99C162D3BE433000F3CE5 /* noseUITests.xctest */ = {isa = PBXFileReference; explicitFileType = wrapper.cfbundle; includeInIndex = 0; path = noseUITests.xctest; sourceTree = BUILT_PRODUCTS_DIR; };
		61B56A5F18E714D56FE0DCC0 /* Pods-noseUITests.production.xcconfig */ = {isa = PBXFileReference; includeInIndex = 1; lastKnownFileType = text.xcconfig; name = "Pods-noseUITests.production.xcconfig"; path = "Target Support Files/Pods-noseUITests/Pods-noseUITests.production.xcconfig"; sourceTree = "<group>"; };
		6311D356F595772C8A2D0B95 /* Pods-noseTests.development.xcconfig */ = {isa = PBXFileReference; includeInIndex = 1; lastKnownFileType = text.xcconfig; name = "Pods-noseTests.development.xcconfig"; path = "Target Support Files/Pods-noseTests/Pods-noseTests.development.xcconfig"; sourceTree = "<group>"; };
		6BAD938A99764361A6E14FC3 /* Pods-nose-metadata.plist */ = {isa = PBXFileReference; includeInIndex = 1; lastKnownFileType = text.plist.xml; path = "Pods-nose-metadata.plist"; sourceTree = "<group>"; };
		76DC80AC657D4235EC30D629 /* Pods-nose-noseUITests-metadata.plist */ = {isa = PBXFileReference; includeInIndex = 1; lastKnownFileType = text.plist.xml; path = "Pods-nose-noseUITests-metadata.plist"; sourceTree = "<group>"; };
		965570F488B3E805CCC59F04 /* Pods-noseUITests.staging.xcconfig */ = {isa = PBXFileReference; includeInIndex = 1; lastKnownFileType = text.xcconfig; name = "Pods-noseUITests.staging.xcconfig"; path = "Target Support Files/Pods-noseUITests/Pods-noseUITests.staging.xcconfig"; sourceTree = "<group>"; };
		B915CAA5A41A6C145FBB9A8E /* Pods_nose.framework */ = {isa = PBXFileReference; explicitFileType = wrapper.framework; includeInIndex = 0; path = Pods_nose.framework; sourceTree = BUILT_PRODUCTS_DIR; };
		D4DA86044569CF6E1673F2DE /* Pods-nose.production.xcconfig */ = {isa = PBXFileReference; includeInIndex = 1; lastKnownFileType = text.xcconfig; name = "Pods-nose.production.xcconfig"; path = "Target Support Files/Pods-nose/Pods-nose.production.xcconfig"; sourceTree = "<group>"; };
		DFCECA97C560C40982DCFDA4 /* Pods-noseTests.staging.xcconfig */ = {isa = PBXFileReference; includeInIndex = 1; lastKnownFileType = text.xcconfig; name = "Pods-noseTests.staging.xcconfig"; path = "Target Support Files/Pods-noseTests/Pods-noseTests.staging.xcconfig"; sourceTree = "<group>"; };
		E8780BB7672D195B5EAA5BD5 /* Pods-nose.staging.xcconfig */ = {isa = PBXFileReference; includeInIndex = 1; lastKnownFileType = text.xcconfig; name = "Pods-nose.staging.xcconfig"; path = "Target Support Files/Pods-nose/Pods-nose.staging.xcconfig"; sourceTree = "<group>"; };
		F1BCB3623F34C0020E1D1F3E /* Pods-nose.development.xcconfig */ = {isa = PBXFileReference; includeInIndex = 1; lastKnownFileType = text.xcconfig; name = "Pods-nose.development.xcconfig"; path = "Target Support Files/Pods-nose/Pods-nose.development.xcconfig"; sourceTree = "<group>"; };
/* End PBXFileReference section */

/* Begin PBXFileSystemSynchronizedBuildFileExceptionSet section */
		49B963512E0FFE74004F2DCD /* Exceptions for "FirebaseConfig" folder in "nose" target */ = {
			isa = PBXFileSystemSynchronizedBuildFileExceptionSet;
			membershipExceptions = (
				"GoogleService-Info-Development.plist",
				"GoogleService-Info-Production.plist",
				"GoogleService-Info-Staging.plist",
			);
			target = 49E99BF52D3BE432000F3CE5 /* nose */;
		};
		49B964BC2E1009AB004F2DCD /* Exceptions for "InfoPlist" folder in "nose" target */ = {
			isa = PBXFileSystemSynchronizedBuildFileExceptionSet;
			membershipExceptions = (
				Info.plist,
			);
			target = 49E99BF52D3BE432000F3CE5 /* nose */;
		};
		49EE68BD2E058BDD004DA63B /* Exceptions for "nose" folder in "nose" target */ = {
			isa = PBXFileSystemSynchronizedBuildFileExceptionSet;
			membershipExceptions = (
				Assets/body.usdz,
			);
			target = 49E99BF52D3BE432000F3CE5 /* nose */;
		};
/* End PBXFileSystemSynchronizedBuildFileExceptionSet section */

/* Begin PBXFileSystemSynchronizedRootGroup section */
		49B95D8D2E0CE4B8004F2DCD /* .github */ = {
			isa = PBXFileSystemSynchronizedRootGroup;
			exceptions = (
			);
			path = .github;
			sourceTree = "<group>";
		};
		49BE7E332DF41122006D6E16 /* FirebaseConfig */ = {
			isa = PBXFileSystemSynchronizedRootGroup;
			exceptions = (
				49B963512E0FFE74004F2DCD /* Exceptions for "FirebaseConfig" folder in "nose" target */,
			);
			path = FirebaseConfig;
			sourceTree = "<group>";
		};
		49E99BF82D3BE432000F3CE5 /* nose */ = {
			isa = PBXFileSystemSynchronizedRootGroup;
			exceptions = (
				49EE68BD2E058BDD004DA63B /* Exceptions for "nose" folder in "nose" target */,
			);
			path = nose;
			sourceTree = "<group>";
		};
		49E99C0F2D3BE433000F3CE5 /* noseTests */ = {
			isa = PBXFileSystemSynchronizedRootGroup;
			exceptions = (
			);
			path = noseTests;
			sourceTree = "<group>";
		};
		49E99C192D3BE433000F3CE5 /* noseUITests */ = {
			isa = PBXFileSystemSynchronizedRootGroup;
			exceptions = (
			);
			path = noseUITests;
			sourceTree = "<group>";
		};
		49EE64242DFBC64F004DA63B /* FirebaseConfig */ = {
			isa = PBXFileSystemSynchronizedRootGroup;
			exceptions = (
			);
			path = FirebaseConfig;
			sourceTree = "<group>";
		};
		49EE642B2DFBC651004DA63B /* InfoPlist */ = {
			isa = PBXFileSystemSynchronizedRootGroup;
			exceptions = (
				49B964BC2E1009AB004F2DCD /* Exceptions for "InfoPlist" folder in "nose" target */,
			);
			path = InfoPlist;
			sourceTree = "<group>";
		};
/* End PBXFileSystemSynchronizedRootGroup section */

/* Begin PBXFrameworksBuildPhase section */
		49E99BF32D3BE432000F3CE5 /* Frameworks */ = {
			isa = PBXFrameworksBuildPhase;
			buildActionMask = 2147483647;
			files = (
				91CD46407E2EDDD0C40362EF /* Pods_nose.framework in Frameworks */,
			);
			runOnlyForDeploymentPostprocessing = 0;
		};
		49E99C092D3BE433000F3CE5 /* Frameworks */ = {
			isa = PBXFrameworksBuildPhase;
			buildActionMask = 2147483647;
			files = (
				57F5337D85E99C4A21D785F6 /* Pods_noseTests.framework in Frameworks */,
			);
			runOnlyForDeploymentPostprocessing = 0;
		};
		49E99C132D3BE433000F3CE5 /* Frameworks */ = {
			isa = PBXFrameworksBuildPhase;
			buildActionMask = 2147483647;
			files = (
				B7CAEC479D70B5D8F8894E97 /* Pods_noseUITests.framework in Frameworks */,
			);
			runOnlyForDeploymentPostprocessing = 0;
		};
/* End PBXFrameworksBuildPhase section */

/* Begin PBXGroup section */
		49E99BED2D3BE432000F3CE5 = {
			isa = PBXGroup;
			children = (
				49B95D8D2E0CE4B8004F2DCD /* .github */,
				49BE7E332DF41122006D6E16 /* FirebaseConfig */,
				4984E6CA2D731BC600A6288A /* Localizable.xcstrings */,
				49E99BF82D3BE432000F3CE5 /* nose */,
				49E99C0F2D3BE433000F3CE5 /* noseTests */,
				49E99C192D3BE433000F3CE5 /* noseUITests */,
				49E99BF72D3BE432000F3CE5 /* Products */,
				50579441D3777C7C7B70948F /* Pods */,
				8FBDA29887B8DBD5028A9EBC /* Frameworks */,
				49EE64242DFBC64F004DA63B /* FirebaseConfig */,
				49EE642B2DFBC651004DA63B /* InfoPlist */,
			);
			sourceTree = "<group>";
		};
		49E99BF72D3BE432000F3CE5 /* Products */ = {
			isa = PBXGroup;
			children = (
				49E99BF62D3BE432000F3CE5 /* nose.app */,
				49E99C0C2D3BE433000F3CE5 /* noseTests.xctest */,
				49E99C162D3BE433000F3CE5 /* noseUITests.xctest */,
			);
			name = Products;
			sourceTree = "<group>";
		};
		50579441D3777C7C7B70948F /* Pods */ = {
			isa = PBXGroup;
			children = (
				6BAD938A99764361A6E14FC3 /* Pods-nose-metadata.plist */,
				76DC80AC657D4235EC30D629 /* Pods-nose-noseUITests-metadata.plist */,
				F1BCB3623F34C0020E1D1F3E /* Pods-nose.development.xcconfig */,
				E8780BB7672D195B5EAA5BD5 /* Pods-nose.staging.xcconfig */,
				D4DA86044569CF6E1673F2DE /* Pods-nose.production.xcconfig */,
				6311D356F595772C8A2D0B95 /* Pods-noseTests.development.xcconfig */,
				DFCECA97C560C40982DCFDA4 /* Pods-noseTests.staging.xcconfig */,
				00E3D4FEC9749AF0761692A9 /* Pods-noseTests.production.xcconfig */,
				2B7F922E0F5C4EA04FBCABDB /* Pods-noseUITests.development.xcconfig */,
				965570F488B3E805CCC59F04 /* Pods-noseUITests.staging.xcconfig */,
				61B56A5F18E714D56FE0DCC0 /* Pods-noseUITests.production.xcconfig */,
			);
			path = Pods;
			sourceTree = "<group>";
		};
		8FBDA29887B8DBD5028A9EBC /* Frameworks */ = {
			isa = PBXGroup;
			children = (
				B915CAA5A41A6C145FBB9A8E /* Pods_nose.framework */,
				312A9D10F92AD4AC6B98F711 /* Pods_noseTests.framework */,
				1EA110E7250EA988152DF452 /* Pods_noseUITests.framework */,
			);
			name = Frameworks;
			sourceTree = "<group>";
		};
/* End PBXGroup section */

/* Begin PBXNativeTarget section */
		49E99BF52D3BE432000F3CE5 /* nose */ = {
			isa = PBXNativeTarget;
			buildConfigurationList = 49E99C1F2D3BE433000F3CE5 /* Build configuration list for PBXNativeTarget "nose" */;
			buildPhases = (
				19E4CCA204B3DDB8011C5C0C /* [CP] Check Pods Manifest.lock */,
				49E99BF22D3BE432000F3CE5 /* Sources */,
				49E99BF32D3BE432000F3CE5 /* Frameworks */,
				49E99BF42D3BE432000F3CE5 /* Resources */,
				4905FC472D663428000EDA11 /* Embed Frameworks */,
				49BE6D8B2DF3048E006D6E16 /* Copy GoogleService-Info.plist */,
				95F20719DE856AA053E0E49B /* [CP] Embed Pods Frameworks */,
				B3178C5D05511F7854D09D86 /* [CP] Copy Pods Resources */,
			);
			buildRules = (
			);
			dependencies = (
			);
			fileSystemSynchronizedGroups = (
				49B95D8D2E0CE4B8004F2DCD /* .github */,
				49BE7E332DF41122006D6E16 /* FirebaseConfig */,
				49E99BF82D3BE432000F3CE5 /* nose */,
				49EE64242DFBC64F004DA63B /* FirebaseConfig */,
				49EE642B2DFBC651004DA63B /* InfoPlist */,
			);
			name = nose;
			productName = nose;
			productReference = 49E99BF62D3BE432000F3CE5 /* nose.app */;
			productType = "com.apple.product-type.application";
		};
		49E99C0B2D3BE433000F3CE5 /* noseTests */ = {
			isa = PBXNativeTarget;
			buildConfigurationList = 49E99C242D3BE433000F3CE5 /* Build configuration list for PBXNativeTarget "noseTests" */;
			buildPhases = (
				C9D1EC3599C4747996284A42 /* [CP] Check Pods Manifest.lock */,
				49E99C082D3BE433000F3CE5 /* Sources */,
				49E99C092D3BE433000F3CE5 /* Frameworks */,
				49E99C0A2D3BE433000F3CE5 /* Resources */,
			);
			buildRules = (
			);
			dependencies = (
				49E99C0E2D3BE433000F3CE5 /* PBXTargetDependency */,
			);
			fileSystemSynchronizedGroups = (
				49E99C0F2D3BE433000F3CE5 /* noseTests */,
			);
			name = noseTests;
			productName = noseTests;
			productReference = 49E99C0C2D3BE433000F3CE5 /* noseTests.xctest */;
			productType = "com.apple.product-type.bundle.unit-test";
		};
		49E99C152D3BE433000F3CE5 /* noseUITests */ = {
			isa = PBXNativeTarget;
			buildConfigurationList = 49E99C272D3BE433000F3CE5 /* Build configuration list for PBXNativeTarget "noseUITests" */;
			buildPhases = (
				3C3928482DE1E009AE467F0A /* [CP] Check Pods Manifest.lock */,
				49E99C122D3BE433000F3CE5 /* Sources */,
				49E99C132D3BE433000F3CE5 /* Frameworks */,
				49E99C142D3BE433000F3CE5 /* Resources */,
			);
			buildRules = (
			);
			dependencies = (
				49E99C182D3BE433000F3CE5 /* PBXTargetDependency */,
			);
			fileSystemSynchronizedGroups = (
				49E99C192D3BE433000F3CE5 /* noseUITests */,
			);
			name = noseUITests;
			productName = noseUITests;
			productReference = 49E99C162D3BE433000F3CE5 /* noseUITests.xctest */;
			productType = "com.apple.product-type.bundle.ui-testing";
		};
/* End PBXNativeTarget section */

/* Begin PBXProject section */
		49E99BEE2D3BE432000F3CE5 /* Project object */ = {
			isa = PBXProject;
			attributes = {
				BuildIndependentTargetsInParallel = 1;
				LastSwiftUpdateCheck = 1620;
				LastUpgradeCheck = 1630;
				TargetAttributes = {
					49E99BF52D3BE432000F3CE5 = {
						CreatedOnToolsVersion = 16.2;
					};
					49E99C0B2D3BE433000F3CE5 = {
						CreatedOnToolsVersion = 16.2;
						TestTargetID = 49E99BF52D3BE432000F3CE5;
					};
					49E99C152D3BE433000F3CE5 = {
						CreatedOnToolsVersion = 16.2;
						TestTargetID = 49E99BF52D3BE432000F3CE5;
					};
				};
			};
			buildConfigurationList = 49E99BF12D3BE432000F3CE5 /* Build configuration list for PBXProject "nose" */;
			developmentRegion = en;
			hasScannedForEncodings = 0;
			knownRegions = (
				en,
				Base,
				ja,
			);
			mainGroup = 49E99BED2D3BE432000F3CE5;
			minimizedProjectReferenceProxies = 1;
			preferredProjectObjectVersion = 77;
			productRefGroup = 49E99BF72D3BE432000F3CE5 /* Products */;
			projectDirPath = "";
			projectRoot = "";
			targets = (
				49E99BF52D3BE432000F3CE5 /* nose */,
				49E99C0B2D3BE433000F3CE5 /* noseTests */,
				49E99C152D3BE433000F3CE5 /* noseUITests */,
			);
		};
/* End PBXProject section */

/* Begin PBXResourcesBuildPhase section */
		49E99BF42D3BE432000F3CE5 /* Resources */ = {
			isa = PBXResourcesBuildPhase;
			buildActionMask = 2147483647;
			files = (
				4984E6CB2D731BC600A6288A /* Localizable.xcstrings in Resources */,
				90E1384E390AC4D7DCDC4D2F /* Pods-nose-metadata.plist in Resources */,
			);
			runOnlyForDeploymentPostprocessing = 0;
		};
		49E99C0A2D3BE433000F3CE5 /* Resources */ = {
			isa = PBXResourcesBuildPhase;
			buildActionMask = 2147483647;
			files = (
			);
			runOnlyForDeploymentPostprocessing = 0;
		};
		49E99C142D3BE433000F3CE5 /* Resources */ = {
			isa = PBXResourcesBuildPhase;
			buildActionMask = 2147483647;
			files = (
				F48FCEE9B776081042DD07E7 /* Pods-nose-noseUITests-metadata.plist in Resources */,
			);
			runOnlyForDeploymentPostprocessing = 0;
		};
/* End PBXResourcesBuildPhase section */

/* Begin PBXShellScriptBuildPhase section */
		19E4CCA204B3DDB8011C5C0C /* [CP] Check Pods Manifest.lock */ = {
			isa = PBXShellScriptBuildPhase;
			buildActionMask = 2147483647;
			files = (
			);
			inputFileListPaths = (
			);
			inputPaths = (
				"${PODS_PODFILE_DIR_PATH}/Podfile.lock",
				"${PODS_ROOT}/Manifest.lock",
			);
			name = "[CP] Check Pods Manifest.lock";
			outputFileListPaths = (
			);
			outputPaths = (
				"$(DERIVED_FILE_DIR)/Pods-nose-checkManifestLockResult.txt",
			);
			runOnlyForDeploymentPostprocessing = 0;
			shellPath = /bin/sh;
			shellScript = "diff \"${PODS_PODFILE_DIR_PATH}/Podfile.lock\" \"${PODS_ROOT}/Manifest.lock\" > /dev/null\nif [ $? != 0 ] ; then\n    # print error to STDERR\n    echo \"error: The sandbox is not in sync with the Podfile.lock. Run 'pod install' or update your CocoaPods installation.\" >&2\n    exit 1\nfi\n# This output is used by Xcode 'outputs' to avoid re-running this script phase.\necho \"SUCCESS\" > \"${SCRIPT_OUTPUT_FILE_0}\"\n";
			showEnvVarsInLog = 0;
		};
		3C3928482DE1E009AE467F0A /* [CP] Check Pods Manifest.lock */ = {
			isa = PBXShellScriptBuildPhase;
			buildActionMask = 2147483647;
			files = (
			);
			inputFileListPaths = (
			);
			inputPaths = (
				"${PODS_PODFILE_DIR_PATH}/Podfile.lock",
				"${PODS_ROOT}/Manifest.lock",
			);
			name = "[CP] Check Pods Manifest.lock";
			outputFileListPaths = (
			);
			outputPaths = (
				"$(DERIVED_FILE_DIR)/Pods-noseUITests-checkManifestLockResult.txt",
			);
			runOnlyForDeploymentPostprocessing = 0;
			shellPath = /bin/sh;
			shellScript = "diff \"${PODS_PODFILE_DIR_PATH}/Podfile.lock\" \"${PODS_ROOT}/Manifest.lock\" > /dev/null\nif [ $? != 0 ] ; then\n    # print error to STDERR\n    echo \"error: The sandbox is not in sync with the Podfile.lock. Run 'pod install' or update your CocoaPods installation.\" >&2\n    exit 1\nfi\n# This output is used by Xcode 'outputs' to avoid re-running this script phase.\necho \"SUCCESS\" > \"${SCRIPT_OUTPUT_FILE_0}\"\n";
			showEnvVarsInLog = 0;
		};
		49BE6D8B2DF3048E006D6E16 /* Copy GoogleService-Info.plist */ = {
			isa = PBXShellScriptBuildPhase;
			buildActionMask = 2147483647;
			files = (
			);
			inputFileListPaths = (
			);
			inputPaths = (
				"$(PROJECT_DIR)/FirebaseConfig/GoogleService-Info-$(CONFIGURATION).plist\n",
			);
			name = "Copy GoogleService-Info.plist";
			outputFileListPaths = (
			);
			outputPaths = (
				"$(BUILT_PRODUCTS_DIR)/$(PRODUCT_NAME).app/GoogleService-Info.plist",
			);
			runOnlyForDeploymentPostprocessing = 0;
			shellPath = /bin/sh;
			shellScript = "# 例: 環境変数 CONFIGURATION を使ってコピー先のGoogleService-Info.plistを切り替え\necho \"Copy GoogleService-Info plist for configuration: $CONFIGURATION\"\n\nif [ \"$CONFIGURATION\" == \"Development\" ]; then\n  cp \"${PROJECT_DIR}/FirebaseConfig/GoogleService-Info-Development.plist\" \"${BUILT_PRODUCTS_DIR}/${PRODUCT_NAME}.app/GoogleService-Info.plist\"\nelif [ \"$CONFIGURATION\" == \"Staging\" ]; then\n  cp \"${PROJECT_DIR}/FirebaseConfig/GoogleService-Info-Staging.plist\" \"${BUILT_PRODUCTS_DIR}/${PRODUCT_NAME}.app/GoogleService-Info.plist\"\nelif [ \"$CONFIGURATION\" == \"Production\" ]; then\n  cp \"${PROJECT_DIR}/FirebaseConfig/GoogleService-Info-Production.plist\" \"${BUILT_PRODUCTS_DIR}/${PRODUCT_NAME}.app/GoogleService-Info.plist\"\nelse\n  echo \"No matching GoogleService-Info plist for configuration: $CONFIGURATION\"\n  exit 1\nfi\n";
		};
		95F20719DE856AA053E0E49B /* [CP] Embed Pods Frameworks */ = {
			isa = PBXShellScriptBuildPhase;
			buildActionMask = 2147483647;
			files = (
			);
			inputFileListPaths = (
				"${PODS_ROOT}/Target Support Files/Pods-nose/Pods-nose-frameworks-${CONFIGURATION}-input-files.xcfilelist",
			);
			name = "[CP] Embed Pods Frameworks";
			outputFileListPaths = (
				"${PODS_ROOT}/Target Support Files/Pods-nose/Pods-nose-frameworks-${CONFIGURATION}-output-files.xcfilelist",
			);
			runOnlyForDeploymentPostprocessing = 0;
			shellPath = /bin/sh;
			shellScript = "\"${PODS_ROOT}/Target Support Files/Pods-nose/Pods-nose-frameworks.sh\"\n";
			showEnvVarsInLog = 0;
		};
		B3178C5D05511F7854D09D86 /* [CP] Copy Pods Resources */ = {
			isa = PBXShellScriptBuildPhase;
			buildActionMask = 2147483647;
			files = (
			);
			inputFileListPaths = (
				"${PODS_ROOT}/Target Support Files/Pods-nose/Pods-nose-resources-${CONFIGURATION}-input-files.xcfilelist",
			);
			name = "[CP] Copy Pods Resources";
			outputFileListPaths = (
				"${PODS_ROOT}/Target Support Files/Pods-nose/Pods-nose-resources-${CONFIGURATION}-output-files.xcfilelist",
			);
			runOnlyForDeploymentPostprocessing = 0;
			shellPath = /bin/sh;
			shellScript = "\"${PODS_ROOT}/Target Support Files/Pods-nose/Pods-nose-resources.sh\"\n";
			showEnvVarsInLog = 0;
		};
		C9D1EC3599C4747996284A42 /* [CP] Check Pods Manifest.lock */ = {
			isa = PBXShellScriptBuildPhase;
			buildActionMask = 2147483647;
			files = (
			);
			inputFileListPaths = (
			);
			inputPaths = (
				"${PODS_PODFILE_DIR_PATH}/Podfile.lock",
				"${PODS_ROOT}/Manifest.lock",
			);
			name = "[CP] Check Pods Manifest.lock";
			outputFileListPaths = (
			);
			outputPaths = (
				"$(DERIVED_FILE_DIR)/Pods-noseTests-checkManifestLockResult.txt",
			);
			runOnlyForDeploymentPostprocessing = 0;
			shellPath = /bin/sh;
			shellScript = "diff \"${PODS_PODFILE_DIR_PATH}/Podfile.lock\" \"${PODS_ROOT}/Manifest.lock\" > /dev/null\nif [ $? != 0 ] ; then\n    # print error to STDERR\n    echo \"error: The sandbox is not in sync with the Podfile.lock. Run 'pod install' or update your CocoaPods installation.\" >&2\n    exit 1\nfi\n# This output is used by Xcode 'outputs' to avoid re-running this script phase.\necho \"SUCCESS\" > \"${SCRIPT_OUTPUT_FILE_0}\"\n";
			showEnvVarsInLog = 0;
		};
/* End PBXShellScriptBuildPhase section */

/* Begin PBXSourcesBuildPhase section */
		49E99BF22D3BE432000F3CE5 /* Sources */ = {
			isa = PBXSourcesBuildPhase;
			buildActionMask = 2147483647;
			files = (
			);
			runOnlyForDeploymentPostprocessing = 0;
		};
		49E99C082D3BE433000F3CE5 /* Sources */ = {
			isa = PBXSourcesBuildPhase;
			buildActionMask = 2147483647;
			files = (
			);
			runOnlyForDeploymentPostprocessing = 0;
		};
		49E99C122D3BE433000F3CE5 /* Sources */ = {
			isa = PBXSourcesBuildPhase;
			buildActionMask = 2147483647;
			files = (
			);
			runOnlyForDeploymentPostprocessing = 0;
		};
/* End PBXSourcesBuildPhase section */

/* Begin PBXTargetDependency section */
		49E99C0E2D3BE433000F3CE5 /* PBXTargetDependency */ = {
			isa = PBXTargetDependency;
			target = 49E99BF52D3BE432000F3CE5 /* nose */;
			targetProxy = 49E99C0D2D3BE433000F3CE5 /* PBXContainerItemProxy */;
		};
		49E99C182D3BE433000F3CE5 /* PBXTargetDependency */ = {
			isa = PBXTargetDependency;
			target = 49E99BF52D3BE432000F3CE5 /* nose */;
			targetProxy = 49E99C172D3BE433000F3CE5 /* PBXContainerItemProxy */;
		};
/* End PBXTargetDependency section */

/* Begin XCBuildConfiguration section */
		49BE6D872DF30415006D6E16 /* Staging */ = {
			isa = XCBuildConfiguration;
			buildSettings = {
				ALWAYS_SEARCH_USER_PATHS = NO;
				ASSETCATALOG_COMPILER_GENERATE_SWIFT_ASSET_SYMBOL_EXTENSIONS = YES;
				CLANG_ANALYZER_LOCALIZABILITY_NONLOCALIZED = YES;
				CLANG_ANALYZER_NONNULL = YES;
				CLANG_ANALYZER_NUMBER_OBJECT_CONVERSION = YES_AGGRESSIVE;
				CLANG_CXX_LANGUAGE_STANDARD = "gnu++20";
				CLANG_ENABLE_MODULES = YES;
				CLANG_ENABLE_OBJC_ARC = YES;
				CLANG_ENABLE_OBJC_WEAK = YES;
				CLANG_WARN_BLOCK_CAPTURE_AUTORELEASING = YES;
				CLANG_WARN_BOOL_CONVERSION = YES;
				CLANG_WARN_COMMA = YES;
				CLANG_WARN_CONSTANT_CONVERSION = YES;
				CLANG_WARN_DEPRECATED_OBJC_IMPLEMENTATIONS = YES;
				CLANG_WARN_DIRECT_OBJC_ISA_USAGE = YES_ERROR;
				CLANG_WARN_DOCUMENTATION_COMMENTS = YES;
				CLANG_WARN_EMPTY_BODY = YES;
				CLANG_WARN_ENUM_CONVERSION = YES;
				CLANG_WARN_INFINITE_RECURSION = YES;
				CLANG_WARN_INT_CONVERSION = YES;
				CLANG_WARN_NON_LITERAL_NULL_CONVERSION = YES;
				CLANG_WARN_OBJC_IMPLICIT_RETAIN_SELF = YES;
				CLANG_WARN_OBJC_LITERAL_CONVERSION = YES;
				CLANG_WARN_OBJC_ROOT_CLASS = YES_ERROR;
				CLANG_WARN_QUOTED_INCLUDE_IN_FRAMEWORK_HEADER = YES;
				CLANG_WARN_RANGE_LOOP_ANALYSIS = YES;
				CLANG_WARN_STRICT_PROTOTYPES = YES;
				CLANG_WARN_SUSPICIOUS_MOVE = YES;
				CLANG_WARN_UNGUARDED_AVAILABILITY = YES_AGGRESSIVE;
				CLANG_WARN_UNREACHABLE_CODE = YES;
				CLANG_WARN__DUPLICATE_METHOD_MATCH = YES;
				COPY_PHASE_STRIP = NO;
				DEBUG_INFORMATION_FORMAT = dwarf;
				ENABLE_STRICT_OBJC_MSGSEND = YES;
				ENABLE_TESTABILITY = YES;
				ENABLE_USER_SCRIPT_SANDBOXING = YES;
				GCC_C_LANGUAGE_STANDARD = gnu17;
				GCC_DYNAMIC_NO_PIC = NO;
				GCC_NO_COMMON_BLOCKS = YES;
				GCC_OPTIMIZATION_LEVEL = 0;
				GCC_PREPROCESSOR_DEFINITIONS = (
					"DEBUG=1",
					"$(inherited)",
				);
				GCC_WARN_64_TO_32_BIT_CONVERSION = YES;
				GCC_WARN_ABOUT_RETURN_TYPE = YES_ERROR;
				GCC_WARN_UNDECLARED_SELECTOR = YES;
				GCC_WARN_UNINITIALIZED_AUTOS = YES_AGGRESSIVE;
				GCC_WARN_UNUSED_FUNCTION = YES;
				GCC_WARN_UNUSED_VARIABLE = YES;
				IPHONEOS_DEPLOYMENT_TARGET = 18.2;
				LOCALIZATION_PREFERS_STRING_CATALOGS = YES;
				MTL_ENABLE_DEBUG_INFO = INCLUDE_SOURCE;
				MTL_FAST_MATH = YES;
				ONLY_ACTIVE_ARCH = YES;
				SDKROOT = iphoneos;
				SWIFT_ACTIVE_COMPILATION_CONDITIONS = "DEBUG $(inherited)";
				SWIFT_EMIT_LOC_STRINGS = YES;
				SWIFT_OPTIMIZATION_LEVEL = "-Onone";
			};
			name = Staging;
		};
		49BE6D882DF30415006D6E16 /* Staging */ = {
			isa = XCBuildConfiguration;
			baseConfigurationReferenceAnchor = 49E99BF82D3BE432000F3CE5 /* nose */;
			baseConfigurationReferenceRelativePath = Configs/Staging.xcconfig;
			buildSettings = {
				ASSETCATALOG_COMPILER_APPICON_NAME = AppIcon;
				ASSETCATALOG_COMPILER_GLOBAL_ACCENT_COLOR_NAME = AccentColor;
				CODE_SIGN_ENTITLEMENTS = nose/nose.entitlements;
				CODE_SIGN_STYLE = Automatic;
				CURRENT_PROJECT_VERSION = 6;
				DEVELOPMENT_TEAM = Y365Z93L4K;
				ENABLE_USER_SCRIPT_SANDBOXING = NO;
				EXCLUDED_ARCHS = "";
				FRAMEWORK_SEARCH_PATHS = (
					"$(inherited)",
					"$(PROJECT_DIR)",
				);
				GENERATE_INFOPLIST_FILE = NO;
				INFOPLIST_FILE = "$(PROJECT_DIR)/InfoPlist/Info.plist";
				IPHONEOS_DEPLOYMENT_TARGET = 18.0;
				LD_RUNPATH_SEARCH_PATHS = (
					"$(inherited)",
					"@executable_path/Frameworks",
				);
				MARKETING_VERSION = 1.0;
				PRODUCT_BUNDLE_IDENTIFIER = com.tamakifujino.nose;
				PRODUCT_NAME = "$(TARGET_NAME)";
				SWIFT_EMIT_LOC_STRINGS = YES;
				SWIFT_OBJC_BRIDGING_HEADER = "";
				SWIFT_VERSION = 5.0;
				TARGETED_DEVICE_FAMILY = "1,2";
			};
			name = Staging;
		};
		49BE6D892DF30415006D6E16 /* Staging */ = {
			isa = XCBuildConfiguration;
			baseConfigurationReference = DFCECA97C560C40982DCFDA4 /* Pods-noseTests.staging.xcconfig */;
			buildSettings = {
				BUNDLE_LOADER = "$(TEST_HOST)";
				CODE_SIGN_STYLE = Automatic;
				CURRENT_PROJECT_VERSION = 1;
				GENERATE_INFOPLIST_FILE = NO;
				INFOPLIST_FILE = "$(PROJECT_DIR)/InfoPlist/Info.plist";
				IPHONEOS_DEPLOYMENT_TARGET = 18.2;
				MARKETING_VERSION = 1.0;
				PRODUCT_BUNDLE_IDENTIFIER = com.tamakifujino.noseTests;
				PRODUCT_NAME = "$(TARGET_NAME)";
				SWIFT_EMIT_LOC_STRINGS = NO;
				SWIFT_VERSION = 5.0;
				TARGETED_DEVICE_FAMILY = "1,2";
				TEST_HOST = "$(BUILT_PRODUCTS_DIR)/nose.app/$(BUNDLE_EXECUTABLE_FOLDER_PATH)/nose";
			};
			name = Staging;
		};
		49BE6D8A2DF30415006D6E16 /* Staging */ = {
			isa = XCBuildConfiguration;
			baseConfigurationReference = 965570F488B3E805CCC59F04 /* Pods-noseUITests.staging.xcconfig */;
			buildSettings = {
				CODE_SIGN_STYLE = Automatic;
				CURRENT_PROJECT_VERSION = 1;
				GENERATE_INFOPLIST_FILE = NO;
				INFOPLIST_FILE = "$(PROJECT_DIR)/InfoPlist/Info.plist";
				MARKETING_VERSION = 1.0;
				PRODUCT_BUNDLE_IDENTIFIER = com.tamakifujino.noseUITests;
				PRODUCT_NAME = "$(TARGET_NAME)";
				SWIFT_EMIT_LOC_STRINGS = NO;
				SWIFT_VERSION = 5.0;
				TARGETED_DEVICE_FAMILY = "1,2";
				TEST_TARGET_NAME = nose;
			};
			name = Staging;
		};
		49E99C202D3BE433000F3CE5 /* Development */ = {
			isa = XCBuildConfiguration;
			baseConfigurationReferenceAnchor = 49E99BF82D3BE432000F3CE5 /* nose */;
			baseConfigurationReferenceRelativePath = Configs/Development.xcconfig;
			buildSettings = {
				ASSETCATALOG_COMPILER_APPICON_NAME = AppIcon;
				ASSETCATALOG_COMPILER_GLOBAL_ACCENT_COLOR_NAME = AccentColor;
				CODE_SIGN_ENTITLEMENTS = nose/nose.entitlements;
				CODE_SIGN_STYLE = Automatic;
				CURRENT_PROJECT_VERSION = 6;
				DEVELOPMENT_TEAM = Y365Z93L4K;
				ENABLE_USER_SCRIPT_SANDBOXING = NO;
				EXCLUDED_ARCHS = "";
				FRAMEWORK_SEARCH_PATHS = (
					"$(inherited)",
					"$(PROJECT_DIR)",
				);
				GENERATE_INFOPLIST_FILE = NO;
				INFOPLIST_FILE = "$(PROJECT_DIR)/InfoPlist/Info.plist";
				IPHONEOS_DEPLOYMENT_TARGET = 18.0;
				LD_RUNPATH_SEARCH_PATHS = (
					"$(inherited)",
					"@executable_path/Frameworks",
				);
				MARKETING_VERSION = 1.0;
				PRODUCT_BUNDLE_IDENTIFIER = com.tamakifujino.nose;
				PRODUCT_NAME = "$(TARGET_NAME)";
				SWIFT_EMIT_LOC_STRINGS = YES;
				SWIFT_OBJC_BRIDGING_HEADER = "";
				SWIFT_VERSION = 5.0;
				TARGETED_DEVICE_FAMILY = "1,2";
			};
			name = Development;
		};
		49E99C212D3BE433000F3CE5 /* Production */ = {
			isa = XCBuildConfiguration;
			baseConfigurationReferenceAnchor = 49E99BF82D3BE432000F3CE5 /* nose */;
			baseConfigurationReferenceRelativePath = Configs/Production.xcconfig;
			buildSettings = {
				ASSETCATALOG_COMPILER_APPICON_NAME = AppIcon;
				ASSETCATALOG_COMPILER_GLOBAL_ACCENT_COLOR_NAME = AccentColor;
				CODE_SIGN_ENTITLEMENTS = nose/nose.entitlements;
				CODE_SIGN_STYLE = Automatic;
				CURRENT_PROJECT_VERSION = 6;
				DEVELOPMENT_TEAM = Y365Z93L4K;
				ENABLE_USER_SCRIPT_SANDBOXING = NO;
				EXCLUDED_ARCHS = "";
				FRAMEWORK_SEARCH_PATHS = (
					"$(inherited)",
					"$(PROJECT_DIR)",
				);
				GENERATE_INFOPLIST_FILE = NO;
				INFOPLIST_FILE = "$(PROJECT_DIR)/InfoPlist/Info.plist";
				IPHONEOS_DEPLOYMENT_TARGET = 18.0;
				LD_RUNPATH_SEARCH_PATHS = (
					"$(inherited)",
					"@executable_path/Frameworks",
				);
				MARKETING_VERSION = 1.0;
				PRODUCT_BUNDLE_IDENTIFIER = com.tamakifujino.nose;
				PRODUCT_NAME = "$(TARGET_NAME)";
				SWIFT_EMIT_LOC_STRINGS = YES;
				SWIFT_OBJC_BRIDGING_HEADER = "";
				SWIFT_VERSION = 5.0;
				TARGETED_DEVICE_FAMILY = "1,2";
			};
			name = Production;
		};
		49E99C222D3BE433000F3CE5 /* Development */ = {
			isa = XCBuildConfiguration;
			buildSettings = {
				ALWAYS_SEARCH_USER_PATHS = NO;
				ASSETCATALOG_COMPILER_GENERATE_SWIFT_ASSET_SYMBOL_EXTENSIONS = YES;
				CLANG_ANALYZER_LOCALIZABILITY_NONLOCALIZED = YES;
				CLANG_ANALYZER_NONNULL = YES;
				CLANG_ANALYZER_NUMBER_OBJECT_CONVERSION = YES_AGGRESSIVE;
				CLANG_CXX_LANGUAGE_STANDARD = "gnu++20";
				CLANG_ENABLE_MODULES = YES;
				CLANG_ENABLE_OBJC_ARC = YES;
				CLANG_ENABLE_OBJC_WEAK = YES;
				CLANG_WARN_BLOCK_CAPTURE_AUTORELEASING = YES;
				CLANG_WARN_BOOL_CONVERSION = YES;
				CLANG_WARN_COMMA = YES;
				CLANG_WARN_CONSTANT_CONVERSION = YES;
				CLANG_WARN_DEPRECATED_OBJC_IMPLEMENTATIONS = YES;
				CLANG_WARN_DIRECT_OBJC_ISA_USAGE = YES_ERROR;
				CLANG_WARN_DOCUMENTATION_COMMENTS = YES;
				CLANG_WARN_EMPTY_BODY = YES;
				CLANG_WARN_ENUM_CONVERSION = YES;
				CLANG_WARN_INFINITE_RECURSION = YES;
				CLANG_WARN_INT_CONVERSION = YES;
				CLANG_WARN_NON_LITERAL_NULL_CONVERSION = YES;
				CLANG_WARN_OBJC_IMPLICIT_RETAIN_SELF = YES;
				CLANG_WARN_OBJC_LITERAL_CONVERSION = YES;
				CLANG_WARN_OBJC_ROOT_CLASS = YES_ERROR;
				CLANG_WARN_QUOTED_INCLUDE_IN_FRAMEWORK_HEADER = YES;
				CLANG_WARN_RANGE_LOOP_ANALYSIS = YES;
				CLANG_WARN_STRICT_PROTOTYPES = YES;
				CLANG_WARN_SUSPICIOUS_MOVE = YES;
				CLANG_WARN_UNGUARDED_AVAILABILITY = YES_AGGRESSIVE;
				CLANG_WARN_UNREACHABLE_CODE = YES;
				CLANG_WARN__DUPLICATE_METHOD_MATCH = YES;
				COPY_PHASE_STRIP = NO;
				DEBUG_INFORMATION_FORMAT = dwarf;
				ENABLE_STRICT_OBJC_MSGSEND = YES;
				ENABLE_TESTABILITY = YES;
				ENABLE_USER_SCRIPT_SANDBOXING = YES;
				GCC_C_LANGUAGE_STANDARD = gnu17;
				GCC_DYNAMIC_NO_PIC = NO;
				GCC_NO_COMMON_BLOCKS = YES;
				GCC_OPTIMIZATION_LEVEL = 0;
				GCC_PREPROCESSOR_DEFINITIONS = (
					"DEBUG=1",
					"$(inherited)",
				);
				GCC_WARN_64_TO_32_BIT_CONVERSION = YES;
				GCC_WARN_ABOUT_RETURN_TYPE = YES_ERROR;
				GCC_WARN_UNDECLARED_SELECTOR = YES;
				GCC_WARN_UNINITIALIZED_AUTOS = YES_AGGRESSIVE;
				GCC_WARN_UNUSED_FUNCTION = YES;
				GCC_WARN_UNUSED_VARIABLE = YES;
				IPHONEOS_DEPLOYMENT_TARGET = 18.2;
				LOCALIZATION_PREFERS_STRING_CATALOGS = YES;
				MTL_ENABLE_DEBUG_INFO = INCLUDE_SOURCE;
				MTL_FAST_MATH = YES;
				ONLY_ACTIVE_ARCH = YES;
				SDKROOT = iphoneos;
				SWIFT_ACTIVE_COMPILATION_CONDITIONS = "DEBUG $(inherited)";
				SWIFT_EMIT_LOC_STRINGS = YES;
				SWIFT_OPTIMIZATION_LEVEL = "-Onone";
			};
			name = Development;
		};
		49E99C232D3BE433000F3CE5 /* Production */ = {
			isa = XCBuildConfiguration;
			buildSettings = {
				ALWAYS_SEARCH_USER_PATHS = NO;
				ASSETCATALOG_COMPILER_GENERATE_SWIFT_ASSET_SYMBOL_EXTENSIONS = YES;
				CLANG_ANALYZER_LOCALIZABILITY_NONLOCALIZED = YES;
				CLANG_ANALYZER_NONNULL = YES;
				CLANG_ANALYZER_NUMBER_OBJECT_CONVERSION = YES_AGGRESSIVE;
				CLANG_CXX_LANGUAGE_STANDARD = "gnu++20";
				CLANG_ENABLE_MODULES = YES;
				CLANG_ENABLE_OBJC_ARC = YES;
				CLANG_ENABLE_OBJC_WEAK = YES;
				CLANG_WARN_BLOCK_CAPTURE_AUTORELEASING = YES;
				CLANG_WARN_BOOL_CONVERSION = YES;
				CLANG_WARN_COMMA = YES;
				CLANG_WARN_CONSTANT_CONVERSION = YES;
				CLANG_WARN_DEPRECATED_OBJC_IMPLEMENTATIONS = YES;
				CLANG_WARN_DIRECT_OBJC_ISA_USAGE = YES_ERROR;
				CLANG_WARN_DOCUMENTATION_COMMENTS = YES;
				CLANG_WARN_EMPTY_BODY = YES;
				CLANG_WARN_ENUM_CONVERSION = YES;
				CLANG_WARN_INFINITE_RECURSION = YES;
				CLANG_WARN_INT_CONVERSION = YES;
				CLANG_WARN_NON_LITERAL_NULL_CONVERSION = YES;
				CLANG_WARN_OBJC_IMPLICIT_RETAIN_SELF = YES;
				CLANG_WARN_OBJC_LITERAL_CONVERSION = YES;
				CLANG_WARN_OBJC_ROOT_CLASS = YES_ERROR;
				CLANG_WARN_QUOTED_INCLUDE_IN_FRAMEWORK_HEADER = YES;
				CLANG_WARN_RANGE_LOOP_ANALYSIS = YES;
				CLANG_WARN_STRICT_PROTOTYPES = YES;
				CLANG_WARN_SUSPICIOUS_MOVE = YES;
				CLANG_WARN_UNGUARDED_AVAILABILITY = YES_AGGRESSIVE;
				CLANG_WARN_UNREACHABLE_CODE = YES;
				CLANG_WARN__DUPLICATE_METHOD_MATCH = YES;
				COPY_PHASE_STRIP = NO;
				DEBUG_INFORMATION_FORMAT = "dwarf-with-dsym";
				ENABLE_NS_ASSERTIONS = NO;
				ENABLE_STRICT_OBJC_MSGSEND = YES;
				ENABLE_USER_SCRIPT_SANDBOXING = YES;
				GCC_C_LANGUAGE_STANDARD = gnu17;
				GCC_NO_COMMON_BLOCKS = YES;
				GCC_WARN_64_TO_32_BIT_CONVERSION = YES;
				GCC_WARN_ABOUT_RETURN_TYPE = YES_ERROR;
				GCC_WARN_UNDECLARED_SELECTOR = YES;
				GCC_WARN_UNINITIALIZED_AUTOS = YES_AGGRESSIVE;
				GCC_WARN_UNUSED_FUNCTION = YES;
				GCC_WARN_UNUSED_VARIABLE = YES;
				IPHONEOS_DEPLOYMENT_TARGET = 18.2;
				LOCALIZATION_PREFERS_STRING_CATALOGS = YES;
				MTL_ENABLE_DEBUG_INFO = NO;
				MTL_FAST_MATH = YES;
				SDKROOT = iphoneos;
				SWIFT_COMPILATION_MODE = wholemodule;
				SWIFT_EMIT_LOC_STRINGS = YES;
				VALIDATE_PRODUCT = YES;
			};
			name = Production;
		};
		49E99C252D3BE433000F3CE5 /* Development */ = {
			isa = XCBuildConfiguration;
			baseConfigurationReference = 6311D356F595772C8A2D0B95 /* Pods-noseTests.development.xcconfig */;
			buildSettings = {
				BUNDLE_LOADER = "$(TEST_HOST)";
				CODE_SIGN_STYLE = Automatic;
				CURRENT_PROJECT_VERSION = 1;
				GENERATE_INFOPLIST_FILE = NO;
				INFOPLIST_FILE = "$(PROJECT_DIR)/InfoPlist/Info.plist";
				IPHONEOS_DEPLOYMENT_TARGET = 18.2;
				MARKETING_VERSION = 1.0;
				PRODUCT_BUNDLE_IDENTIFIER = com.tamakifujino.noseTests;
				PRODUCT_NAME = "$(TARGET_NAME)";
				SWIFT_EMIT_LOC_STRINGS = NO;
				SWIFT_VERSION = 5.0;
				TARGETED_DEVICE_FAMILY = "1,2";
				TEST_HOST = "$(BUILT_PRODUCTS_DIR)/nose.app/$(BUNDLE_EXECUTABLE_FOLDER_PATH)/nose";
			};
			name = Development;
		};
		49E99C262D3BE433000F3CE5 /* Production */ = {
			isa = XCBuildConfiguration;
			baseConfigurationReference = 00E3D4FEC9749AF0761692A9 /* Pods-noseTests.production.xcconfig */;
			buildSettings = {
				BUNDLE_LOADER = "$(TEST_HOST)";
				CODE_SIGN_STYLE = Automatic;
				CURRENT_PROJECT_VERSION = 1;
				GENERATE_INFOPLIST_FILE = NO;
				INFOPLIST_FILE = "$(PROJECT_DIR)/InfoPlist/Info.plist";
				IPHONEOS_DEPLOYMENT_TARGET = 18.2;
				MARKETING_VERSION = 1.0;
				PRODUCT_BUNDLE_IDENTIFIER = com.tamakifujino.noseTests;
				PRODUCT_NAME = "$(TARGET_NAME)";
				SWIFT_EMIT_LOC_STRINGS = NO;
				SWIFT_VERSION = 5.0;
				TARGETED_DEVICE_FAMILY = "1,2";
				TEST_HOST = "$(BUILT_PRODUCTS_DIR)/nose.app/$(BUNDLE_EXECUTABLE_FOLDER_PATH)/nose";
			};
			name = Production;
		};
		49E99C282D3BE433000F3CE5 /* Development */ = {
			isa = XCBuildConfiguration;
			baseConfigurationReference = 2B7F922E0F5C4EA04FBCABDB /* Pods-noseUITests.development.xcconfig */;
			buildSettings = {
				CODE_SIGN_STYLE = Automatic;
				CURRENT_PROJECT_VERSION = 1;
				GENERATE_INFOPLIST_FILE = NO;
				INFOPLIST_FILE = "$(PROJECT_DIR)/InfoPlist/Info.plist";
				MARKETING_VERSION = 1.0;
				PRODUCT_BUNDLE_IDENTIFIER = com.tamakifujino.noseUITests;
				PRODUCT_NAME = "$(TARGET_NAME)";
				SWIFT_EMIT_LOC_STRINGS = NO;
				SWIFT_VERSION = 5.0;
				TARGETED_DEVICE_FAMILY = "1,2";
				TEST_TARGET_NAME = nose;
			};
			name = Development;
		};
		49E99C292D3BE433000F3CE5 /* Production */ = {
			isa = XCBuildConfiguration;
			baseConfigurationReference = 61B56A5F18E714D56FE0DCC0 /* Pods-noseUITests.production.xcconfig */;
			buildSettings = {
				CODE_SIGN_STYLE = Automatic;
				CURRENT_PROJECT_VERSION = 1;
				GENERATE_INFOPLIST_FILE = NO;
				INFOPLIST_FILE = "$(PROJECT_DIR)/InfoPlist/Info.plist";
				MARKETING_VERSION = 1.0;
				PRODUCT_BUNDLE_IDENTIFIER = com.tamakifujino.noseUITests;
				PRODUCT_NAME = "$(TARGET_NAME)";
				SWIFT_EMIT_LOC_STRINGS = NO;
				SWIFT_VERSION = 5.0;
				TARGETED_DEVICE_FAMILY = "1,2";
				TEST_TARGET_NAME = nose;
			};
			name = Production;
		};
/* End XCBuildConfiguration section */

/* Begin XCConfigurationList section */
		49E99BF12D3BE432000F3CE5 /* Build configuration list for PBXProject "nose" */ = {
			isa = XCConfigurationList;
			buildConfigurations = (
				49E99C222D3BE433000F3CE5 /* Development */,
				49BE6D872DF30415006D6E16 /* Staging */,
				49E99C232D3BE433000F3CE5 /* Production */,
			);
			defaultConfigurationIsVisible = 0;
			defaultConfigurationName = Production;
		};
		49E99C1F2D3BE433000F3CE5 /* Build configuration list for PBXNativeTarget "nose" */ = {
			isa = XCConfigurationList;
			buildConfigurations = (
				49E99C202D3BE433000F3CE5 /* Development */,
				49BE6D882DF30415006D6E16 /* Staging */,
				49E99C212D3BE433000F3CE5 /* Production */,
			);
			defaultConfigurationIsVisible = 0;
			defaultConfigurationName = Production;
		};
		49E99C242D3BE433000F3CE5 /* Build configuration list for PBXNativeTarget "noseTests" */ = {
			isa = XCConfigurationList;
			buildConfigurations = (
				49E99C252D3BE433000F3CE5 /* Development */,
				49BE6D892DF30415006D6E16 /* Staging */,
				49E99C262D3BE433000F3CE5 /* Production */,
			);
			defaultConfigurationIsVisible = 0;
			defaultConfigurationName = Production;
		};
		49E99C272D3BE433000F3CE5 /* Build configuration list for PBXNativeTarget "noseUITests" */ = {
			isa = XCConfigurationList;
			buildConfigurations = (
				49E99C282D3BE433000F3CE5 /* Development */,
				49BE6D8A2DF30415006D6E16 /* Staging */,
				49E99C292D3BE433000F3CE5 /* Production */,
			);
			defaultConfigurationIsVisible = 0;
			defaultConfigurationName = Production;
		};
/* End XCConfigurationList section */
	};
	rootObject = 49E99BEE2D3BE432000F3CE5 /* Project object */;
}
