// !$*UTF8*$!
{
	archiveVersion = 1;
	classes = {
	};
	objectVersion = 77;
	objects = {

/* Begin PBXBuildFile section */
		491514A72E99F03B00D5C35F /* UnityFramework.framework in Embed Frameworks */ = {isa = PBXBuildFile; fileRef = 49F87F4A2E64768400C129C4 /* UnityFramework.framework */; settings = {ATTRIBUTES = (CodeSignOnCopy, RemoveHeadersOnCopy, ); }; };
		4915172B2E9A01C800D5C35F /* GoogleService-Info-Development.plist in Resources */ = {isa = PBXBuildFile; fileRef = 491517272E9A01C800D5C35F /* GoogleService-Info-Development.plist */; };
		4915172C2E9A01C800D5C35F /* GoogleService-Info-Staging.plist in Resources */ = {isa = PBXBuildFile; fileRef = 491517292E9A01C800D5C35F /* GoogleService-Info-Staging.plist */; };
		4915172D2E9A01C800D5C35F /* GoogleService-Info-Production.plist in Resources */ = {isa = PBXBuildFile; fileRef = 491517282E9A01C800D5C35F /* GoogleService-Info-Production.plist */; };
		4915172F2E9A026F00D5C35F /* Config.plist in Resources */ = {isa = PBXBuildFile; fileRef = 4915172E2E9A026F00D5C35F /* Config.plist */; };
		491FD1FE2ECA18C30085D3BA /* ShareWithNose.appex in Embed Foundation Extensions */ = {isa = PBXBuildFile; fileRef = 491FD1F42ECA18C30085D3BA /* ShareWithNose.appex */; settings = {ATTRIBUTES = (RemoveHeadersOnCopy, ); }; };
		49A0F1A32EA9B00100F1A2B4 /* nose/Bridging/UnityBridgeShim.m in Sources */ = {isa = PBXBuildFile; fileRef = 49A0F1A22EA9B00100F1A2B3 /* nose/Bridging/UnityBridgeShim.m */; };
		49F7C2162E49E258003A3D50 /* UnityLauncher.mm in Sources */ = {isa = PBXBuildFile; fileRef = 49F7C2152E49E258003A3D50 /* UnityLauncher.mm */; };
		49F87F4D2E64769D00C129C4 /* UnityFramework.framework in Frameworks */ = {isa = PBXBuildFile; fileRef = 49F87F4A2E64768400C129C4 /* UnityFramework.framework */; };
		49F87F522E6476DD00C129C4 /* Data in Resources */ = {isa = PBXBuildFile; fileRef = 49F87F512E6476DD00C129C4 /* Data */; };
		57F5337D85E99C4A21D785F6 /* Pods_noseTests.framework in Frameworks */ = {isa = PBXBuildFile; fileRef = 312A9D10F92AD4AC6B98F711 /* Pods_noseTests.framework */; };
		90E1384E390AC4D7DCDC4D2F /* Pods-nose-metadata.plist in Resources */ = {isa = PBXBuildFile; fileRef = 6BAD938A99764361A6E14FC3 /* Pods-nose-metadata.plist */; };
		91CD46407E2EDDD0C40362EF /* Pods_nose.framework in Frameworks */ = {isa = PBXBuildFile; fileRef = B915CAA5A41A6C145FBB9A8E /* Pods_nose.framework */; };
		B7CAEC479D70B5D8F8894E97 /* Pods_noseUITests.framework in Frameworks */ = {isa = PBXBuildFile; fileRef = 1EA110E7250EA988152DF452 /* Pods_noseUITests.framework */; };
		F48FCEE9B776081042DD07E7 /* Pods-nose-noseUITests-metadata.plist in Resources */ = {isa = PBXBuildFile; fileRef = 76DC80AC657D4235EC30D629 /* Pods-nose-noseUITests-metadata.plist */; };
/* End PBXBuildFile section */

/* Begin PBXContainerItemProxy section */
		491FD1FC2ECA18C30085D3BA /* PBXContainerItemProxy */ = {
			isa = PBXContainerItemProxy;
			containerPortal = 49E99BEE2D3BE432000F3CE5 /* Project object */;
			proxyType = 1;
			remoteGlobalIDString = 491FD1F32ECA18C30085D3BA;
			remoteInfo = ShareWithNose;
		};
		49E99C0D2D3BE433000F3CE5 /* PBXContainerItemProxy */ = {
			isa = PBXContainerItemProxy;
			containerPortal = 49E99BEE2D3BE432000F3CE5 /* Project object */;
			proxyType = 1;
			remoteGlobalIDString = 49E99BF52D3BE432000F3CE5;
			remoteInfo = nose;
		};
		49E99C172D3BE433000F3CE5 /* PBXContainerItemProxy */ = {
			isa = PBXContainerItemProxy;
			containerPortal = 49E99BEE2D3BE432000F3CE5 /* Project object */;
			proxyType = 1;
			remoteGlobalIDString = 49E99BF52D3BE432000F3CE5;
			remoteInfo = nose;
		};
		49F87F492E64768400C129C4 /* PBXContainerItemProxy */ = {
			isa = PBXContainerItemProxy;
			containerPortal = 49F87F3E2E64768400C129C4 /* Unity-iPhone.xcodeproj */;
			proxyType = 2;
			remoteGlobalIDString = 9D25AB9D213FB47800354C27;
			remoteInfo = UnityFramework;
		};
		49F87F4F2E6476AB00C129C4 /* PBXContainerItemProxy */ = {
			isa = PBXContainerItemProxy;
			containerPortal = 49F87F3E2E64768400C129C4 /* Unity-iPhone.xcodeproj */;
			proxyType = 1;
			remoteGlobalIDString = 9D25AB9C213FB47800354C27;
			remoteInfo = UnityFramework;
		};
/* End PBXContainerItemProxy section */

/* Begin PBXCopyFilesBuildPhase section */
		491FD2042ECA18C30085D3BA /* Embed Foundation Extensions */ = {
			isa = PBXCopyFilesBuildPhase;
			buildActionMask = 2147483647;
			dstPath = "";
			dstSubfolderSpec = 13;
			files = (
				491FD1FE2ECA18C30085D3BA /* ShareWithNose.appex in Embed Foundation Extensions */,
			);
			name = "Embed Foundation Extensions";
			runOnlyForDeploymentPostprocessing = 0;
		};
		497320002E8AB28C002D3C85 /* Embed Foundation Extensions */ = {
			isa = PBXCopyFilesBuildPhase;
			buildActionMask = 2147483647;
			dstPath = "";
			dstSubfolderSpec = 16;
			files = (
			);
			name = "Embed Foundation Extensions";
			runOnlyForDeploymentPostprocessing = 1;
		};
		49F87F122E646AC700C129C4 /* Embed Frameworks */ = {
			isa = PBXCopyFilesBuildPhase;
			buildActionMask = 2147483647;
			dstPath = "";
			dstSubfolderSpec = 10;
			files = (
				491514A72E99F03B00D5C35F /* UnityFramework.framework in Embed Frameworks */,
			);
			name = "Embed Frameworks";
			runOnlyForDeploymentPostprocessing = 0;
		};
/* End PBXCopyFilesBuildPhase section */

/* Begin PBXFileReference section */
		00E3D4FEC9749AF0761692A9 /* Pods-noseTests.production.xcconfig */ = {isa = PBXFileReference; includeInIndex = 1; lastKnownFileType = text.xcconfig; name = "Pods-noseTests.production.xcconfig"; path = "Target Support Files/Pods-noseTests/Pods-noseTests.production.xcconfig"; sourceTree = "<group>"; };
		1EA110E7250EA988152DF452 /* Pods_noseUITests.framework */ = {isa = PBXFileReference; explicitFileType = wrapper.framework; includeInIndex = 0; path = Pods_noseUITests.framework; sourceTree = BUILT_PRODUCTS_DIR; };
		2B7F922E0F5C4EA04FBCABDB /* Pods-noseUITests.development.xcconfig */ = {isa = PBXFileReference; includeInIndex = 1; lastKnownFileType = text.xcconfig; name = "Pods-noseUITests.development.xcconfig"; path = "Target Support Files/Pods-noseUITests/Pods-noseUITests.development.xcconfig"; sourceTree = "<group>"; };
		312A9D10F92AD4AC6B98F711 /* Pods_noseTests.framework */ = {isa = PBXFileReference; explicitFileType = wrapper.framework; includeInIndex = 0; path = Pods_noseTests.framework; sourceTree = BUILT_PRODUCTS_DIR; };
		491517272E9A01C800D5C35F /* GoogleService-Info-Development.plist */ = {isa = PBXFileReference; lastKnownFileType = text.plist.xml; path = "GoogleService-Info-Development.plist"; sourceTree = "<group>"; };
		491517282E9A01C800D5C35F /* GoogleService-Info-Production.plist */ = {isa = PBXFileReference; lastKnownFileType = text.plist.xml; path = "GoogleService-Info-Production.plist"; sourceTree = "<group>"; };
		491517292E9A01C800D5C35F /* GoogleService-Info-Staging.plist */ = {isa = PBXFileReference; lastKnownFileType = text.plist.xml; path = "GoogleService-Info-Staging.plist"; sourceTree = "<group>"; };
		4915172E2E9A026F00D5C35F /* Config.plist */ = {isa = PBXFileReference; lastKnownFileType = text.plist.xml; path = Config.plist; sourceTree = "<group>"; };
		491FD1F42ECA18C30085D3BA /* ShareWithNose.appex */ = {isa = PBXFileReference; explicitFileType = "wrapper.app-extension"; includeInIndex = 0; path = ShareWithNose.appex; sourceTree = BUILT_PRODUCTS_DIR; };
		49A0F1A22EA9B00100F1A2B3 /* nose/Bridging/UnityBridgeShim.m */ = {isa = PBXFileReference; lastKnownFileType = sourcecode.c.objc; path = nose/Bridging/UnityBridgeShim.m; sourceTree = "<group>"; };
		49E99BF62D3BE432000F3CE5 /* nose.app */ = {isa = PBXFileReference; explicitFileType = wrapper.application; includeInIndex = 0; path = nose.app; sourceTree = BUILT_PRODUCTS_DIR; };
		49E99C0C2D3BE433000F3CE5 /* noseTests.xctest */ = {isa = PBXFileReference; explicitFileType = wrapper.cfbundle; includeInIndex = 0; path = noseTests.xctest; sourceTree = BUILT_PRODUCTS_DIR; };
		49E99C162D3BE433000F3CE5 /* noseUITests.xctest */ = {isa = PBXFileReference; explicitFileType = wrapper.cfbundle; includeInIndex = 0; path = noseUITests.xctest; sourceTree = BUILT_PRODUCTS_DIR; };
		49F7C2142E49E254003A3D50 /* UnityLauncher.h */ = {isa = PBXFileReference; lastKnownFileType = sourcecode.c.h; path = UnityLauncher.h; sourceTree = "<group>"; };
		49F7C2152E49E258003A3D50 /* UnityLauncher.mm */ = {isa = PBXFileReference; lastKnownFileType = sourcecode.cpp.objcpp; path = UnityLauncher.mm; sourceTree = "<group>"; };
		49F7C2172E49E25A003A3D50 /* nose-Bridging-Header.h */ = {isa = PBXFileReference; lastKnownFileType = sourcecode.c.h; path = "nose-Bridging-Header.h"; sourceTree = "<group>"; };
		49F87F3E2E64768400C129C4 /* Unity-iPhone.xcodeproj */ = {isa = PBXFileReference; lastKnownFileType = "wrapper.pb-project"; name = "Unity-iPhone.xcodeproj"; path = "unity-build/Unity-iPhone.xcodeproj"; sourceTree = "<group>"; };
		49F87F512E6476DD00C129C4 /* Data */ = {isa = PBXFileReference; lastKnownFileType = folder; name = Data; path = "unity-build/Data"; sourceTree = "<group>"; };
		61B56A5F18E714D56FE0DCC0 /* Pods-noseUITests.production.xcconfig */ = {isa = PBXFileReference; includeInIndex = 1; lastKnownFileType = text.xcconfig; name = "Pods-noseUITests.production.xcconfig"; path = "Target Support Files/Pods-noseUITests/Pods-noseUITests.production.xcconfig"; sourceTree = "<group>"; };
		6311D356F595772C8A2D0B95 /* Pods-noseTests.development.xcconfig */ = {isa = PBXFileReference; includeInIndex = 1; lastKnownFileType = text.xcconfig; name = "Pods-noseTests.development.xcconfig"; path = "Target Support Files/Pods-noseTests/Pods-noseTests.development.xcconfig"; sourceTree = "<group>"; };
		6BAD938A99764361A6E14FC3 /* Pods-nose-metadata.plist */ = {isa = PBXFileReference; includeInIndex = 1; lastKnownFileType = text.plist.xml; path = "Pods-nose-metadata.plist"; sourceTree = "<group>"; };
		76DC80AC657D4235EC30D629 /* Pods-nose-noseUITests-metadata.plist */ = {isa = PBXFileReference; includeInIndex = 1; lastKnownFileType = text.plist.xml; path = "Pods-nose-noseUITests-metadata.plist"; sourceTree = "<group>"; };
		965570F488B3E805CCC59F04 /* Pods-noseUITests.staging.xcconfig */ = {isa = PBXFileReference; includeInIndex = 1; lastKnownFileType = text.xcconfig; name = "Pods-noseUITests.staging.xcconfig"; path = "Target Support Files/Pods-noseUITests/Pods-noseUITests.staging.xcconfig"; sourceTree = "<group>"; };
		B915CAA5A41A6C145FBB9A8E /* Pods_nose.framework */ = {isa = PBXFileReference; explicitFileType = wrapper.framework; includeInIndex = 0; path = Pods_nose.framework; sourceTree = BUILT_PRODUCTS_DIR; };
		D4DA86044569CF6E1673F2DE /* Pods-nose.production.xcconfig */ = {isa = PBXFileReference; includeInIndex = 1; lastKnownFileType = text.xcconfig; name = "Pods-nose.production.xcconfig"; path = "Target Support Files/Pods-nose/Pods-nose.production.xcconfig"; sourceTree = "<group>"; };
		DFCECA97C560C40982DCFDA4 /* Pods-noseTests.staging.xcconfig */ = {isa = PBXFileReference; includeInIndex = 1; lastKnownFileType = text.xcconfig; name = "Pods-noseTests.staging.xcconfig"; path = "Target Support Files/Pods-noseTests/Pods-noseTests.staging.xcconfig"; sourceTree = "<group>"; };
		E8780BB7672D195B5EAA5BD5 /* Pods-nose.staging.xcconfig */ = {isa = PBXFileReference; includeInIndex = 1; lastKnownFileType = text.xcconfig; name = "Pods-nose.staging.xcconfig"; path = "Target Support Files/Pods-nose/Pods-nose.staging.xcconfig"; sourceTree = "<group>"; };
		F1BCB3623F34C0020E1D1F3E /* Pods-nose.development.xcconfig */ = {isa = PBXFileReference; includeInIndex = 1; lastKnownFileType = text.xcconfig; name = "Pods-nose.development.xcconfig"; path = "Target Support Files/Pods-nose/Pods-nose.development.xcconfig"; sourceTree = "<group>"; };
/* End PBXFileReference section */

/* Begin PBXFileSystemSynchronizedBuildFileExceptionSet section */
		491FD2032ECA18C30085D3BA /* Exceptions for "ShareWithNose" folder in "ShareWithNose" target */ = {
			isa = PBXFileSystemSynchronizedBuildFileExceptionSet;
			membershipExceptions = (
				Info.plist,
			);
			target = 491FD1F32ECA18C30085D3BA /* ShareWithNose */;
		};
		49B964BC2E1009AB004F2DCD /* Exceptions for "InfoPlist" folder in "nose" target */ = {
			isa = PBXFileSystemSynchronizedBuildFileExceptionSet;
			membershipExceptions = (
				Info.plist,
			);
			target = 49E99BF52D3BE432000F3CE5 /* nose */;
		};
		49DCFB422EA05FE5007B51F7 /* Exceptions for "nose" folder in "nose" target */ = {
			isa = PBXFileSystemSynchronizedBuildFileExceptionSet;
			membershipExceptions = (
				Managers/MarkerFactory.swift,
				Managers/PlacesAPIManager.swift,
				Managers/PlacesCacheManager.swift,
				Managers/Services/Avatar/AvatarResourceManager.swift,
				Managers/Services/Avatar/DynamicCategoryManager.swift,
				ViewControllers/03_Home/Current/SearchManager.swift,
				ViewControllers/03_Home/Current/SearchViewController.swift,
				ViewControllers/03_Home/GoogleMapManager.swift,
			);
			target = 49E99BF52D3BE432000F3CE5 /* nose */;
		};
/* End PBXFileSystemSynchronizedBuildFileExceptionSet section */

/* Begin PBXFileSystemSynchronizedRootGroup section */
		491FD1F52ECA18C30085D3BA /* ShareWithNose */ = {
			isa = PBXFileSystemSynchronizedRootGroup;
			exceptions = (
				491FD2032ECA18C30085D3BA /* Exceptions for "ShareWithNose" folder in "ShareWithNose" target */,
			);
			path = ShareWithNose;
			sourceTree = "<group>";
		};
		49B95D8D2E0CE4B8004F2DCD /* .github */ = {
			isa = PBXFileSystemSynchronizedRootGroup;
			path = .github;
			sourceTree = "<group>";
		};
		49E99BF82D3BE432000F3CE5 /* nose */ = {
			isa = PBXFileSystemSynchronizedRootGroup;
			exceptions = (
				49DCFB422EA05FE5007B51F7 /* Exceptions for "nose" folder in "nose" target */,
			);
			path = nose;
			sourceTree = "<group>";
		};
		49E99C0F2D3BE433000F3CE5 /* noseTests */ = {
			isa = PBXFileSystemSynchronizedRootGroup;
			path = noseTests;
			sourceTree = "<group>";
		};
		49E99C192D3BE433000F3CE5 /* noseUITests */ = {
			isa = PBXFileSystemSynchronizedRootGroup;
			path = noseUITests;
			sourceTree = "<group>";
		};
		49EE642B2DFBC651004DA63B /* InfoPlist */ = {
			isa = PBXFileSystemSynchronizedRootGroup;
			exceptions = (
				49B964BC2E1009AB004F2DCD /* Exceptions for "InfoPlist" folder in "nose" target */,
			);
			path = InfoPlist;
			sourceTree = "<group>";
		};
/* End PBXFileSystemSynchronizedRootGroup section */

/* Begin PBXFrameworksBuildPhase section */
		491FD1F12ECA18C30085D3BA /* Frameworks */ = {
			isa = PBXFrameworksBuildPhase;
			buildActionMask = 2147483647;
			files = (
			);
			runOnlyForDeploymentPostprocessing = 0;
		};
		49E99BF32D3BE432000F3CE5 /* Frameworks */ = {
			isa = PBXFrameworksBuildPhase;
			buildActionMask = 2147483647;
			files = (
				91CD46407E2EDDD0C40362EF /* Pods_nose.framework in Frameworks */,
				49F87F4D2E64769D00C129C4 /* UnityFramework.framework in Frameworks */,
			);
			runOnlyForDeploymentPostprocessing = 0;
		};
		49E99C092D3BE433000F3CE5 /* Frameworks */ = {
			isa = PBXFrameworksBuildPhase;
			buildActionMask = 2147483647;
			files = (
				57F5337D85E99C4A21D785F6 /* Pods_noseTests.framework in Frameworks */,
			);
			runOnlyForDeploymentPostprocessing = 0;
		};
		49E99C132D3BE433000F3CE5 /* Frameworks */ = {
			isa = PBXFrameworksBuildPhase;
			buildActionMask = 2147483647;
			files = (
				B7CAEC479D70B5D8F8894E97 /* Pods_noseUITests.framework in Frameworks */,
			);
			runOnlyForDeploymentPostprocessing = 0;
		};
/* End PBXFrameworksBuildPhase section */

/* Begin PBXGroup section */
		4915172A2E9A01C800D5C35F /* FirebaseConfig */ = {
			isa = PBXGroup;
			children = (
				491517272E9A01C800D5C35F /* GoogleService-Info-Development.plist */,
				491517282E9A01C800D5C35F /* GoogleService-Info-Production.plist */,
				491517292E9A01C800D5C35F /* GoogleService-Info-Staging.plist */,
			);
			path = FirebaseConfig;
			sourceTree = "<group>";
		};
		49E99BED2D3BE432000F3CE5 = {
			isa = PBXGroup;
			children = (
				4915172A2E9A01C800D5C35F /* FirebaseConfig */,
				49F87F512E6476DD00C129C4 /* Data */,
				49F87F3E2E64768400C129C4 /* Unity-iPhone.xcodeproj */,
				49F7C2142E49E254003A3D50 /* UnityLauncher.h */,
				49F7C2152E49E258003A3D50 /* UnityLauncher.mm */,
				49A0F1A22EA9B00100F1A2B3 /* nose/Bridging/UnityBridgeShim.m */,
				49B95D8D2E0CE4B8004F2DCD /* .github */,
				49E99BF82D3BE432000F3CE5 /* nose */,
				49E99C0F2D3BE433000F3CE5 /* noseTests */,
				49E99C192D3BE433000F3CE5 /* noseUITests */,
				491FD1F52ECA18C30085D3BA /* ShareWithNose */,
				49E99BF72D3BE432000F3CE5 /* Products */,
				50579441D3777C7C7B70948F /* Pods */,
				8FBDA29887B8DBD5028A9EBC /* Frameworks */,
				49EE642B2DFBC651004DA63B /* InfoPlist */,
				49F7C2172E49E25A003A3D50 /* nose-Bridging-Header.h */,
				4915172E2E9A026F00D5C35F /* Config.plist */,
			);
			sourceTree = "<group>";
		};
		49E99BF72D3BE432000F3CE5 /* Products */ = {
			isa = PBXGroup;
			children = (
				49E99BF62D3BE432000F3CE5 /* nose.app */,
				49E99C0C2D3BE433000F3CE5 /* noseTests.xctest */,
				49E99C162D3BE433000F3CE5 /* noseUITests.xctest */,
				491FD1F42ECA18C30085D3BA /* ShareWithNose.appex */,
			);
			name = Products;
			sourceTree = "<group>";
		};
		49F87F3F2E64768400C129C4 /* Products */ = {
			isa = PBXGroup;
			children = (
				49F87F4A2E64768400C129C4 /* UnityFramework.framework */,
			);
			name = Products;
			sourceTree = "<group>";
		};
		50579441D3777C7C7B70948F /* Pods */ = {
			isa = PBXGroup;
			children = (
				6BAD938A99764361A6E14FC3 /* Pods-nose-metadata.plist */,
				76DC80AC657D4235EC30D629 /* Pods-nose-noseUITests-metadata.plist */,
				F1BCB3623F34C0020E1D1F3E /* Pods-nose.development.xcconfig */,
				E8780BB7672D195B5EAA5BD5 /* Pods-nose.staging.xcconfig */,
				D4DA86044569CF6E1673F2DE /* Pods-nose.production.xcconfig */,
				6311D356F595772C8A2D0B95 /* Pods-noseTests.development.xcconfig */,
				DFCECA97C560C40982DCFDA4 /* Pods-noseTests.staging.xcconfig */,
				00E3D4FEC9749AF0761692A9 /* Pods-noseTests.production.xcconfig */,
				2B7F922E0F5C4EA04FBCABDB /* Pods-noseUITests.development.xcconfig */,
				965570F488B3E805CCC59F04 /* Pods-noseUITests.staging.xcconfig */,
				61B56A5F18E714D56FE0DCC0 /* Pods-noseUITests.production.xcconfig */,
			);
			path = Pods;
			sourceTree = "<group>";
		};
		8FBDA29887B8DBD5028A9EBC /* Frameworks */ = {
			isa = PBXGroup;
			children = (
				B915CAA5A41A6C145FBB9A8E /* Pods_nose.framework */,
				312A9D10F92AD4AC6B98F711 /* Pods_noseTests.framework */,
				1EA110E7250EA988152DF452 /* Pods_noseUITests.framework */,
			);
			name = Frameworks;
			sourceTree = "<group>";
		};
/* End PBXGroup section */

/* Begin PBXNativeTarget section */
		491FD1F32ECA18C30085D3BA /* ShareWithNose */ = {
			isa = PBXNativeTarget;
			buildConfigurationList = 491FD1FF2ECA18C30085D3BA /* Build configuration list for PBXNativeTarget "ShareWithNose" */;
			buildPhases = (
				491FD1F02ECA18C30085D3BA /* Sources */,
				491FD1F12ECA18C30085D3BA /* Frameworks */,
				491FD1F22ECA18C30085D3BA /* Resources */,
			);
			buildRules = (
			);
			dependencies = (
			);
			fileSystemSynchronizedGroups = (
				491FD1F52ECA18C30085D3BA /* ShareWithNose */,
			);
			name = ShareWithNose;
			packageProductDependencies = (
			);
			productName = ShareWithNose;
			productReference = 491FD1F42ECA18C30085D3BA /* ShareWithNose.appex */;
			productType = "com.apple.product-type.app-extension";
		};
		49E99BF52D3BE432000F3CE5 /* nose */ = {
			isa = PBXNativeTarget;
			buildConfigurationList = 49E99C1F2D3BE433000F3CE5 /* Build configuration list for PBXNativeTarget "nose" */;
			buildPhases = (
				19E4CCA204B3DDB8011C5C0C /* [CP] Check Pods Manifest.lock */,
				49E99BF22D3BE432000F3CE5 /* Sources */,
				49E99BF32D3BE432000F3CE5 /* Frameworks */,
				49E99BF42D3BE432000F3CE5 /* Resources */,
				49BE6D8B2DF3048E006D6E16 /* Copy GoogleService-Info.plist */,
				95F20719DE856AA053E0E49B /* [CP] Embed Pods Frameworks */,
				B3178C5D05511F7854D09D86 /* [CP] Copy Pods Resources */,
				49F87F122E646AC700C129C4 /* Embed Frameworks */,
				497320002E8AB28C002D3C85 /* Embed Foundation Extensions */,
				491FD2042ECA18C30085D3BA /* Embed Foundation Extensions */,
			);
			buildRules = (
			);
			dependencies = (
				49F87F502E6476AB00C129C4 /* PBXTargetDependency */,
				491FD1FD2ECA18C30085D3BA /* PBXTargetDependency */,
			);
			fileSystemSynchronizedGroups = (
				49B95D8D2E0CE4B8004F2DCD /* .github */,
				49E99BF82D3BE432000F3CE5 /* nose */,
				49EE642B2DFBC651004DA63B /* InfoPlist */,
			);
			name = nose;
			productName = nose;
			productReference = 49E99BF62D3BE432000F3CE5 /* nose.app */;
			productType = "com.apple.product-type.application";
		};
		49E99C0B2D3BE433000F3CE5 /* noseTests */ = {
			isa = PBXNativeTarget;
			buildConfigurationList = 49E99C242D3BE433000F3CE5 /* Build configuration list for PBXNativeTarget "noseTests" */;
			buildPhases = (
				C9D1EC3599C4747996284A42 /* [CP] Check Pods Manifest.lock */,
				49E99C082D3BE433000F3CE5 /* Sources */,
				49E99C092D3BE433000F3CE5 /* Frameworks */,
				49E99C0A2D3BE433000F3CE5 /* Resources */,
			);
			buildRules = (
			);
			dependencies = (
				49E99C0E2D3BE433000F3CE5 /* PBXTargetDependency */,
			);
			fileSystemSynchronizedGroups = (
				49E99C0F2D3BE433000F3CE5 /* noseTests */,
			);
			name = noseTests;
			productName = noseTests;
			productReference = 49E99C0C2D3BE433000F3CE5 /* noseTests.xctest */;
			productType = "com.apple.product-type.bundle.unit-test";
		};
		49E99C152D3BE433000F3CE5 /* noseUITests */ = {
			isa = PBXNativeTarget;
			buildConfigurationList = 49E99C272D3BE433000F3CE5 /* Build configuration list for PBXNativeTarget "noseUITests" */;
			buildPhases = (
				3C3928482DE1E009AE467F0A /* [CP] Check Pods Manifest.lock */,
				49E99C122D3BE433000F3CE5 /* Sources */,
				49E99C132D3BE433000F3CE5 /* Frameworks */,
				49E99C142D3BE433000F3CE5 /* Resources */,
			);
			buildRules = (
			);
			dependencies = (
				49E99C182D3BE433000F3CE5 /* PBXTargetDependency */,
			);
			fileSystemSynchronizedGroups = (
				49E99C192D3BE433000F3CE5 /* noseUITests */,
			);
			name = noseUITests;
			productName = noseUITests;
			productReference = 49E99C162D3BE433000F3CE5 /* noseUITests.xctest */;
			productType = "com.apple.product-type.bundle.ui-testing";
		};
/* End PBXNativeTarget section */

/* Begin PBXProject section */
		49E99BEE2D3BE432000F3CE5 /* Project object */ = {
			isa = PBXProject;
			attributes = {
				BuildIndependentTargetsInParallel = 1;
				LastSwiftUpdateCheck = 2600;
				LastUpgradeCheck = 1630;
				TargetAttributes = {
					491FD1F32ECA18C30085D3BA = {
						CreatedOnToolsVersion = 26.0.1;
					};
					49E99BF52D3BE432000F3CE5 = {
						CreatedOnToolsVersion = 16.2;
						LastSwiftMigration = 1640;
					};
					49E99C0B2D3BE433000F3CE5 = {
						CreatedOnToolsVersion = 16.2;
						TestTargetID = 49E99BF52D3BE432000F3CE5;
					};
					49E99C152D3BE433000F3CE5 = {
						CreatedOnToolsVersion = 16.2;
						TestTargetID = 49E99BF52D3BE432000F3CE5;
					};
				};
			};
			buildConfigurationList = 49E99BF12D3BE432000F3CE5 /* Build configuration list for PBXProject "nose" */;
			developmentRegion = en;
			hasScannedForEncodings = 0;
			knownRegions = (
				en,
				Base,
				ja,
			);
			mainGroup = 49E99BED2D3BE432000F3CE5;
			minimizedProjectReferenceProxies = 1;
			preferredProjectObjectVersion = 77;
			productRefGroup = 49E99BF72D3BE432000F3CE5 /* Products */;
			projectDirPath = "";
			projectReferences = (
				{
					ProductGroup = 49F87F3F2E64768400C129C4 /* Products */;
					ProjectRef = 49F87F3E2E64768400C129C4 /* Unity-iPhone.xcodeproj */;
				},
			);
			projectRoot = "";
			targets = (
				49E99BF52D3BE432000F3CE5 /* nose */,
				49E99C0B2D3BE433000F3CE5 /* noseTests */,
				49E99C152D3BE433000F3CE5 /* noseUITests */,
				491FD1F32ECA18C30085D3BA /* ShareWithNose */,
			);
		};
/* End PBXProject section */

/* Begin PBXReferenceProxy section */
		49F87F4A2E64768400C129C4 /* UnityFramework.framework */ = {
			isa = PBXReferenceProxy;
			fileType = wrapper.framework;
			path = UnityFramework.framework;
			remoteRef = 49F87F492E64768400C129C4 /* PBXContainerItemProxy */;
			sourceTree = BUILT_PRODUCTS_DIR;
		};
/* End PBXReferenceProxy section */

/* Begin PBXResourcesBuildPhase section */
		491FD1F22ECA18C30085D3BA /* Resources */ = {
			isa = PBXResourcesBuildPhase;
			buildActionMask = 2147483647;
			files = (
			);
			runOnlyForDeploymentPostprocessing = 0;
		};
		49E99BF42D3BE432000F3CE5 /* Resources */ = {
			isa = PBXResourcesBuildPhase;
			buildActionMask = 2147483647;
			files = (
				4915172F2E9A026F00D5C35F /* Config.plist in Resources */,
				4915172B2E9A01C800D5C35F /* GoogleService-Info-Development.plist in Resources */,
				4915172C2E9A01C800D5C35F /* GoogleService-Info-Staging.plist in Resources */,
				4915172D2E9A01C800D5C35F /* GoogleService-Info-Production.plist in Resources */,
				49F87F522E6476DD00C129C4 /* Data in Resources */,
				90E1384E390AC4D7DCDC4D2F /* Pods-nose-metadata.plist in Resources */,
			);
			runOnlyForDeploymentPostprocessing = 0;
		};
		49E99C0A2D3BE433000F3CE5 /* Resources */ = {
			isa = PBXResourcesBuildPhase;
			buildActionMask = 2147483647;
			files = (
			);
			runOnlyForDeploymentPostprocessing = 0;
		};
		49E99C142D3BE433000F3CE5 /* Resources */ = {
			isa = PBXResourcesBuildPhase;
			buildActionMask = 2147483647;
			files = (
				F48FCEE9B776081042DD07E7 /* Pods-nose-noseUITests-metadata.plist in Resources */,
			);
			runOnlyForDeploymentPostprocessing = 0;
		};
/* End PBXResourcesBuildPhase section */

/* Begin PBXShellScriptBuildPhase section */
		19E4CCA204B3DDB8011C5C0C /* [CP] Check Pods Manifest.lock */ = {
			isa = PBXShellScriptBuildPhase;
			buildActionMask = 2147483647;
			files = (
			);
			inputFileListPaths = (
			);
			inputPaths = (
				"${PODS_PODFILE_DIR_PATH}/Podfile.lock",
				"${PODS_ROOT}/Manifest.lock",
			);
			name = "[CP] Check Pods Manifest.lock";
			outputFileListPaths = (
			);
			outputPaths = (
				"$(DERIVED_FILE_DIR)/Pods-nose-checkManifestLockResult.txt",
			);
			runOnlyForDeploymentPostprocessing = 0;
			shellPath = /bin/sh;
			shellScript = "diff \"${PODS_PODFILE_DIR_PATH}/Podfile.lock\" \"${PODS_ROOT}/Manifest.lock\" > /dev/null\nif [ $? != 0 ] ; then\n    # print error to STDERR\n    echo \"error: The sandbox is not in sync with the Podfile.lock. Run 'pod install' or update your CocoaPods installation.\" >&2\n    exit 1\nfi\n# This output is used by Xcode 'outputs' to avoid re-running this script phase.\necho \"SUCCESS\" > \"${SCRIPT_OUTPUT_FILE_0}\"\n";
			showEnvVarsInLog = 0;
		};
		3C3928482DE1E009AE467F0A /* [CP] Check Pods Manifest.lock */ = {
			isa = PBXShellScriptBuildPhase;
			buildActionMask = 2147483647;
			files = (
			);
			inputFileListPaths = (
			);
			inputPaths = (
				"${PODS_PODFILE_DIR_PATH}/Podfile.lock",
				"${PODS_ROOT}/Manifest.lock",
			);
			name = "[CP] Check Pods Manifest.lock";
			outputFileListPaths = (
			);
			outputPaths = (
				"$(DERIVED_FILE_DIR)/Pods-noseUITests-checkManifestLockResult.txt",
			);
			runOnlyForDeploymentPostprocessing = 0;
			shellPath = /bin/sh;
			shellScript = "diff \"${PODS_PODFILE_DIR_PATH}/Podfile.lock\" \"${PODS_ROOT}/Manifest.lock\" > /dev/null\nif [ $? != 0 ] ; then\n    # print error to STDERR\n    echo \"error: The sandbox is not in sync with the Podfile.lock. Run 'pod install' or update your CocoaPods installation.\" >&2\n    exit 1\nfi\n# This output is used by Xcode 'outputs' to avoid re-running this script phase.\necho \"SUCCESS\" > \"${SCRIPT_OUTPUT_FILE_0}\"\n";
			showEnvVarsInLog = 0;
		};
		49BE6D8B2DF3048E006D6E16 /* Copy GoogleService-Info.plist */ = {
			isa = PBXShellScriptBuildPhase;
			buildActionMask = 2147483647;
			files = (
			);
			inputFileListPaths = (
			);
			inputPaths = (
				"$(PROJECT_DIR)/FirebaseConfig/GoogleService-Info-$(CONFIGURATION).plist\n",
			);
			name = "Copy GoogleService-Info.plist";
			outputFileListPaths = (
			);
			outputPaths = (
				"$(BUILT_PRODUCTS_DIR)/$(PRODUCT_NAME).app/GoogleService-Info.plist",
			);
			runOnlyForDeploymentPostprocessing = 0;
			shellPath = /bin/sh;
			shellScript = "# 例: 環境変数 CONFIGURATION を使ってコピー先のGoogleService-Info.plistを切り替え\necho \"Copy GoogleService-Info plist for configuration: $CONFIGURATION\"\n\nif [ \"$CONFIGURATION\" == \"Development\" ]; then\n  cp \"${PROJECT_DIR}/FirebaseConfig/GoogleService-Info-Development.plist\" \"${BUILT_PRODUCTS_DIR}/${PRODUCT_NAME}.app/GoogleService-Info.plist\"\nelif [ \"$CONFIGURATION\" == \"Staging\" ]; then\n  cp \"${PROJECT_DIR}/FirebaseConfig/GoogleService-Info-Staging.plist\" \"${BUILT_PRODUCTS_DIR}/${PRODUCT_NAME}.app/GoogleService-Info.plist\"\nelif [ \"$CONFIGURATION\" == \"Production\" ]; then\n  cp \"${PROJECT_DIR}/FirebaseConfig/GoogleService-Info-Production.plist\" \"${BUILT_PRODUCTS_DIR}/${PRODUCT_NAME}.app/GoogleService-Info.plist\"\nelse\n  echo \"No matching GoogleService-Info plist for configuration: $CONFIGURATION\"\n  exit 1\nfi\n";
		};
		95F20719DE856AA053E0E49B /* [CP] Embed Pods Frameworks */ = {
			isa = PBXShellScriptBuildPhase;
			buildActionMask = 2147483647;
			files = (
			);
			inputFileListPaths = (
				"${PODS_ROOT}/Target Support Files/Pods-nose/Pods-nose-frameworks-${CONFIGURATION}-input-files.xcfilelist",
			);
			inputPaths = (
			);
			name = "[CP] Embed Pods Frameworks";
			outputFileListPaths = (
				"${PODS_ROOT}/Target Support Files/Pods-nose/Pods-nose-frameworks-${CONFIGURATION}-output-files.xcfilelist",
			);
			outputPaths = (
			);
			runOnlyForDeploymentPostprocessing = 0;
			shellPath = /bin/sh;
			shellScript = "\"${PODS_ROOT}/Target Support Files/Pods-nose/Pods-nose-frameworks.sh\"\n";
			showEnvVarsInLog = 0;
		};
		B3178C5D05511F7854D09D86 /* [CP] Copy Pods Resources */ = {
			isa = PBXShellScriptBuildPhase;
			buildActionMask = 2147483647;
			files = (
			);
			inputFileListPaths = (
				"${PODS_ROOT}/Target Support Files/Pods-nose/Pods-nose-resources-${CONFIGURATION}-input-files.xcfilelist",
			);
			inputPaths = (
			);
			name = "[CP] Copy Pods Resources";
			outputFileListPaths = (
				"${PODS_ROOT}/Target Support Files/Pods-nose/Pods-nose-resources-${CONFIGURATION}-output-files.xcfilelist",
			);
			outputPaths = (
			);
			runOnlyForDeploymentPostprocessing = 0;
			shellPath = /bin/sh;
			shellScript = "\"${PODS_ROOT}/Target Support Files/Pods-nose/Pods-nose-resources.sh\"\n";
			showEnvVarsInLog = 0;
		};
		C9D1EC3599C4747996284A42 /* [CP] Check Pods Manifest.lock */ = {
			isa = PBXShellScriptBuildPhase;
			buildActionMask = 2147483647;
			files = (
			);
			inputFileListPaths = (
			);
			inputPaths = (
				"${PODS_PODFILE_DIR_PATH}/Podfile.lock",
				"${PODS_ROOT}/Manifest.lock",
			);
			name = "[CP] Check Pods Manifest.lock";
			outputFileListPaths = (
			);
			outputPaths = (
				"$(DERIVED_FILE_DIR)/Pods-noseTests-checkManifestLockResult.txt",
			);
			runOnlyForDeploymentPostprocessing = 0;
			shellPath = /bin/sh;
			shellScript = "diff \"${PODS_PODFILE_DIR_PATH}/Podfile.lock\" \"${PODS_ROOT}/Manifest.lock\" > /dev/null\nif [ $? != 0 ] ; then\n    # print error to STDERR\n    echo \"error: The sandbox is not in sync with the Podfile.lock. Run 'pod install' or update your CocoaPods installation.\" >&2\n    exit 1\nfi\n# This output is used by Xcode 'outputs' to avoid re-running this script phase.\necho \"SUCCESS\" > \"${SCRIPT_OUTPUT_FILE_0}\"\n";
			showEnvVarsInLog = 0;
		};
/* End PBXShellScriptBuildPhase section */

/* Begin PBXSourcesBuildPhase section */
		491FD1F02ECA18C30085D3BA /* Sources */ = {
			isa = PBXSourcesBuildPhase;
			buildActionMask = 2147483647;
			files = (
			);
			runOnlyForDeploymentPostprocessing = 0;
		};
		49E99BF22D3BE432000F3CE5 /* Sources */ = {
			isa = PBXSourcesBuildPhase;
			buildActionMask = 2147483647;
			files = (
				49F7C2162E49E258003A3D50 /* UnityLauncher.mm in Sources */,
				49A0F1A32EA9B00100F1A2B4 /* nose/Bridging/UnityBridgeShim.m in Sources */,
			);
			runOnlyForDeploymentPostprocessing = 0;
		};
		49E99C082D3BE433000F3CE5 /* Sources */ = {
			isa = PBXSourcesBuildPhase;
			buildActionMask = 2147483647;
			files = (
			);
			runOnlyForDeploymentPostprocessing = 0;
		};
		49E99C122D3BE433000F3CE5 /* Sources */ = {
			isa = PBXSourcesBuildPhase;
			buildActionMask = 2147483647;
			files = (
			);
			runOnlyForDeploymentPostprocessing = 0;
		};
/* End PBXSourcesBuildPhase section */

/* Begin PBXTargetDependency section */
		491FD1FD2ECA18C30085D3BA /* PBXTargetDependency */ = {
			isa = PBXTargetDependency;
			target = 491FD1F32ECA18C30085D3BA /* ShareWithNose */;
			targetProxy = 491FD1FC2ECA18C30085D3BA /* PBXContainerItemProxy */;
		};
		49E99C0E2D3BE433000F3CE5 /* PBXTargetDependency */ = {
			isa = PBXTargetDependency;
			target = 49E99BF52D3BE432000F3CE5 /* nose */;
			targetProxy = 49E99C0D2D3BE433000F3CE5 /* PBXContainerItemProxy */;
		};
		49E99C182D3BE433000F3CE5 /* PBXTargetDependency */ = {
			isa = PBXTargetDependency;
			target = 49E99BF52D3BE432000F3CE5 /* nose */;
			targetProxy = 49E99C172D3BE433000F3CE5 /* PBXContainerItemProxy */;
		};
		49F87F502E6476AB00C129C4 /* PBXTargetDependency */ = {
			isa = PBXTargetDependency;
			name = UnityFramework;
			targetProxy = 49F87F4F2E6476AB00C129C4 /* PBXContainerItemProxy */;
		};
/* End PBXTargetDependency section */

/* Begin XCBuildConfiguration section */
		491FD2002ECA18C30085D3BA /* Development */ = {
			isa = XCBuildConfiguration;
			buildSettings = {
				ALWAYS_SEARCH_USER_PATHS = NO;
				ASSETCATALOG_COMPILER_GENERATE_SWIFT_ASSET_SYMBOL_EXTENSIONS = YES;
				CLANG_ANALYZER_NONNULL = YES;
				CLANG_ANALYZER_NUMBER_OBJECT_CONVERSION = YES_AGGRESSIVE;
				CLANG_CXX_LANGUAGE_STANDARD = "gnu++20";
				CLANG_ENABLE_MODULES = YES;
				CLANG_ENABLE_OBJC_ARC = YES;
				CLANG_ENABLE_OBJC_WEAK = YES;
				CLANG_WARN_BLOCK_CAPTURE_AUTORELEASING = YES;
				CLANG_WARN_BOOL_CONVERSION = YES;
				CLANG_WARN_COMMA = YES;
				CLANG_WARN_CONSTANT_CONVERSION = YES;
				CLANG_WARN_DEPRECATED_OBJC_IMPLEMENTATIONS = YES;
				CLANG_WARN_DIRECT_OBJC_ISA_USAGE = YES_ERROR;
				CLANG_WARN_DOCUMENTATION_COMMENTS = YES;
				CLANG_WARN_EMPTY_BODY = YES;
				CLANG_WARN_ENUM_CONVERSION = YES;
				CLANG_WARN_INFINITE_RECURSION = YES;
				CLANG_WARN_INT_CONVERSION = YES;
				CLANG_WARN_NON_LITERAL_NULL_CONVERSION = YES;
				CLANG_WARN_OBJC_IMPLICIT_RETAIN_SELF = YES;
				CLANG_WARN_OBJC_LITERAL_CONVERSION = YES;
				CLANG_WARN_OBJC_ROOT_CLASS = YES_ERROR;
				CLANG_WARN_QUOTED_INCLUDE_IN_FRAMEWORK_HEADER = YES;
				CLANG_WARN_RANGE_LOOP_ANALYSIS = YES;
				CLANG_WARN_STRICT_PROTOTYPES = YES;
				CLANG_WARN_SUSPICIOUS_MOVE = YES;
				CLANG_WARN_UNGUARDED_AVAILABILITY = YES_AGGRESSIVE;
				CLANG_WARN_UNREACHABLE_CODE = YES;
				CLANG_WARN__DUPLICATE_METHOD_MATCH = YES;
				CODE_SIGN_ENTITLEMENTS = ShareWithNose/ShareWithNose.entitlements;
				CODE_SIGN_STYLE = Automatic;
				COPY_PHASE_STRIP = NO;
				CURRENT_PROJECT_VERSION = 1;
				DEBUG_INFORMATION_FORMAT = dwarf;
				DEVELOPMENT_TEAM = Y365Z93L4K;
				ENABLE_STRICT_OBJC_MSGSEND = YES;
				ENABLE_TESTABILITY = YES;
				ENABLE_USER_SCRIPT_SANDBOXING = YES;
				GCC_C_LANGUAGE_STANDARD = gnu17;
				GCC_DYNAMIC_NO_PIC = NO;
				GCC_NO_COMMON_BLOCKS = YES;
				GCC_OPTIMIZATION_LEVEL = 0;
				GCC_PREPROCESSOR_DEFINITIONS = (
					"DEBUG=1",
					"$(inherited)",
				);
				GCC_WARN_64_TO_32_BIT_CONVERSION = YES;
				GCC_WARN_ABOUT_RETURN_TYPE = YES_ERROR;
				GCC_WARN_UNDECLARED_SELECTOR = YES;
				GCC_WARN_UNINITIALIZED_AUTOS = YES_AGGRESSIVE;
				GCC_WARN_UNUSED_FUNCTION = YES;
				GCC_WARN_UNUSED_VARIABLE = YES;
				GENERATE_INFOPLIST_FILE = YES;
				INFOPLIST_FILE = ShareWithNose/Info.plist;
				INFOPLIST_KEY_CFBundleDisplayName = ShareWithNose;
				INFOPLIST_KEY_NSHumanReadableCopyright = "";
				IPHONEOS_DEPLOYMENT_TARGET = 18.0;
				LD_RUNPATH_SEARCH_PATHS = (
					"$(inherited)",
					"@executable_path/Frameworks",
					"@executable_path/../../Frameworks",
				);
				LOCALIZATION_PREFERS_STRING_CATALOGS = YES;
				MARKETING_VERSION = 1.0;
				MTL_ENABLE_DEBUG_INFO = INCLUDE_SOURCE;
				MTL_FAST_MATH = YES;
				ONLY_ACTIVE_ARCH = YES;
				PRODUCT_BUNDLE_IDENTIFIER = com.tamakifujino.nose.ShareWithNose;
				PRODUCT_NAME = "$(TARGET_NAME)";
				SDKROOT = iphoneos;
				SKIP_INSTALL = YES;
				STRING_CATALOG_GENERATE_SYMBOLS = YES;
				SWIFT_ACTIVE_COMPILATION_CONDITIONS = "DEBUG $(inherited)";
				SWIFT_APPROACHABLE_CONCURRENCY = YES;
				SWIFT_EMIT_LOC_STRINGS = YES;
				SWIFT_OPTIMIZATION_LEVEL = "-Onone";
				SWIFT_UPCOMING_FEATURE_MEMBER_IMPORT_VISIBILITY = YES;
				SWIFT_VERSION = 5.0;
				TARGETED_DEVICE_FAMILY = "1,2";
			};
			name = Development;
		};
		491FD2012ECA18C30085D3BA /* Staging */ = {
			isa = XCBuildConfiguration;
			buildSettings = {
				ALWAYS_SEARCH_USER_PATHS = NO;
				ASSETCATALOG_COMPILER_GENERATE_SWIFT_ASSET_SYMBOL_EXTENSIONS = YES;
				CLANG_ANALYZER_NONNULL = YES;
				CLANG_ANALYZER_NUMBER_OBJECT_CONVERSION = YES_AGGRESSIVE;
				CLANG_CXX_LANGUAGE_STANDARD = "gnu++20";
				CLANG_ENABLE_MODULES = YES;
				CLANG_ENABLE_OBJC_ARC = YES;
				CLANG_ENABLE_OBJC_WEAK = YES;
				CLANG_WARN_BLOCK_CAPTURE_AUTORELEASING = YES;
				CLANG_WARN_BOOL_CONVERSION = YES;
				CLANG_WARN_COMMA = YES;
				CLANG_WARN_CONSTANT_CONVERSION = YES;
				CLANG_WARN_DEPRECATED_OBJC_IMPLEMENTATIONS = YES;
				CLANG_WARN_DIRECT_OBJC_ISA_USAGE = YES_ERROR;
				CLANG_WARN_DOCUMENTATION_COMMENTS = YES;
				CLANG_WARN_EMPTY_BODY = YES;
				CLANG_WARN_ENUM_CONVERSION = YES;
				CLANG_WARN_INFINITE_RECURSION = YES;
				CLANG_WARN_INT_CONVERSION = YES;
				CLANG_WARN_NON_LITERAL_NULL_CONVERSION = YES;
				CLANG_WARN_OBJC_IMPLICIT_RETAIN_SELF = YES;
				CLANG_WARN_OBJC_LITERAL_CONVERSION = YES;
				CLANG_WARN_OBJC_ROOT_CLASS = YES_ERROR;
				CLANG_WARN_QUOTED_INCLUDE_IN_FRAMEWORK_HEADER = YES;
				CLANG_WARN_RANGE_LOOP_ANALYSIS = YES;
				CLANG_WARN_STRICT_PROTOTYPES = YES;
				CLANG_WARN_SUSPICIOUS_MOVE = YES;
				CLANG_WARN_UNGUARDED_AVAILABILITY = YES_AGGRESSIVE;
				CLANG_WARN_UNREACHABLE_CODE = YES;
				CLANG_WARN__DUPLICATE_METHOD_MATCH = YES;
				CODE_SIGN_ENTITLEMENTS = ShareWithNose/ShareWithNose.entitlements;
				CODE_SIGN_STYLE = Automatic;
				COPY_PHASE_STRIP = NO;
				CURRENT_PROJECT_VERSION = 1;
				DEBUG_INFORMATION_FORMAT = "dwarf-with-dsym";
				DEVELOPMENT_TEAM = Y365Z93L4K;
				ENABLE_NS_ASSERTIONS = NO;
				ENABLE_STRICT_OBJC_MSGSEND = YES;
				ENABLE_USER_SCRIPT_SANDBOXING = YES;
				GCC_C_LANGUAGE_STANDARD = gnu17;
				GCC_NO_COMMON_BLOCKS = YES;
				GCC_WARN_64_TO_32_BIT_CONVERSION = YES;
				GCC_WARN_ABOUT_RETURN_TYPE = YES_ERROR;
				GCC_WARN_UNDECLARED_SELECTOR = YES;
				GCC_WARN_UNINITIALIZED_AUTOS = YES_AGGRESSIVE;
				GCC_WARN_UNUSED_FUNCTION = YES;
				GCC_WARN_UNUSED_VARIABLE = YES;
				GENERATE_INFOPLIST_FILE = YES;
				INFOPLIST_FILE = ShareWithNose/Info.plist;
				INFOPLIST_KEY_CFBundleDisplayName = ShareWithNose;
				INFOPLIST_KEY_NSHumanReadableCopyright = "";
				IPHONEOS_DEPLOYMENT_TARGET = 18.0;
				LD_RUNPATH_SEARCH_PATHS = (
					"$(inherited)",
					"@executable_path/Frameworks",
					"@executable_path/../../Frameworks",
				);
				LOCALIZATION_PREFERS_STRING_CATALOGS = YES;
				MARKETING_VERSION = 1.0;
				MTL_ENABLE_DEBUG_INFO = NO;
				MTL_FAST_MATH = YES;
				PRODUCT_BUNDLE_IDENTIFIER = com.tamakifujino.nose.ShareWithNose;
				PRODUCT_NAME = "$(TARGET_NAME)";
				SDKROOT = iphoneos;
				SKIP_INSTALL = YES;
				STRING_CATALOG_GENERATE_SYMBOLS = YES;
				SWIFT_APPROACHABLE_CONCURRENCY = YES;
				SWIFT_COMPILATION_MODE = wholemodule;
				SWIFT_EMIT_LOC_STRINGS = YES;
				SWIFT_UPCOMING_FEATURE_MEMBER_IMPORT_VISIBILITY = YES;
				SWIFT_VERSION = 5.0;
				TARGETED_DEVICE_FAMILY = "1,2";
				VALIDATE_PRODUCT = YES;
			};
			name = Staging;
		};
		491FD2022ECA18C30085D3BA /* Production */ = {
			isa = XCBuildConfiguration;
			buildSettings = {
				ALWAYS_SEARCH_USER_PATHS = NO;
				ASSETCATALOG_COMPILER_GENERATE_SWIFT_ASSET_SYMBOL_EXTENSIONS = YES;
				CLANG_ANALYZER_NONNULL = YES;
				CLANG_ANALYZER_NUMBER_OBJECT_CONVERSION = YES_AGGRESSIVE;
				CLANG_CXX_LANGUAGE_STANDARD = "gnu++20";
				CLANG_ENABLE_MODULES = YES;
				CLANG_ENABLE_OBJC_ARC = YES;
				CLANG_ENABLE_OBJC_WEAK = YES;
				CLANG_WARN_BLOCK_CAPTURE_AUTORELEASING = YES;
				CLANG_WARN_BOOL_CONVERSION = YES;
				CLANG_WARN_COMMA = YES;
				CLANG_WARN_CONSTANT_CONVERSION = YES;
				CLANG_WARN_DEPRECATED_OBJC_IMPLEMENTATIONS = YES;
				CLANG_WARN_DIRECT_OBJC_ISA_USAGE = YES_ERROR;
				CLANG_WARN_DOCUMENTATION_COMMENTS = YES;
				CLANG_WARN_EMPTY_BODY = YES;
				CLANG_WARN_ENUM_CONVERSION = YES;
				CLANG_WARN_INFINITE_RECURSION = YES;
				CLANG_WARN_INT_CONVERSION = YES;
				CLANG_WARN_NON_LITERAL_NULL_CONVERSION = YES;
				CLANG_WARN_OBJC_IMPLICIT_RETAIN_SELF = YES;
				CLANG_WARN_OBJC_LITERAL_CONVERSION = YES;
				CLANG_WARN_OBJC_ROOT_CLASS = YES_ERROR;
				CLANG_WARN_QUOTED_INCLUDE_IN_FRAMEWORK_HEADER = YES;
				CLANG_WARN_RANGE_LOOP_ANALYSIS = YES;
				CLANG_WARN_STRICT_PROTOTYPES = YES;
				CLANG_WARN_SUSPICIOUS_MOVE = YES;
				CLANG_WARN_UNGUARDED_AVAILABILITY = YES_AGGRESSIVE;
				CLANG_WARN_UNREACHABLE_CODE = YES;
				CLANG_WARN__DUPLICATE_METHOD_MATCH = YES;
				CODE_SIGN_ENTITLEMENTS = ShareWithNose/ShareWithNose.entitlements;
				CODE_SIGN_STYLE = Automatic;
				COPY_PHASE_STRIP = NO;
				CURRENT_PROJECT_VERSION = 1;
				DEBUG_INFORMATION_FORMAT = "dwarf-with-dsym";
				DEVELOPMENT_TEAM = Y365Z93L4K;
				ENABLE_NS_ASSERTIONS = NO;
				ENABLE_STRICT_OBJC_MSGSEND = YES;
				ENABLE_USER_SCRIPT_SANDBOXING = YES;
				GCC_C_LANGUAGE_STANDARD = gnu17;
				GCC_NO_COMMON_BLOCKS = YES;
				GCC_WARN_64_TO_32_BIT_CONVERSION = YES;
				GCC_WARN_ABOUT_RETURN_TYPE = YES_ERROR;
				GCC_WARN_UNDECLARED_SELECTOR = YES;
				GCC_WARN_UNINITIALIZED_AUTOS = YES_AGGRESSIVE;
				GCC_WARN_UNUSED_FUNCTION = YES;
				GCC_WARN_UNUSED_VARIABLE = YES;
				GENERATE_INFOPLIST_FILE = YES;
				INFOPLIST_FILE = ShareWithNose/Info.plist;
				INFOPLIST_KEY_CFBundleDisplayName = ShareWithNose;
				INFOPLIST_KEY_NSHumanReadableCopyright = "";
				IPHONEOS_DEPLOYMENT_TARGET = 18.0;
				LD_RUNPATH_SEARCH_PATHS = (
					"$(inherited)",
					"@executable_path/Frameworks",
					"@executable_path/../../Frameworks",
				);
				LOCALIZATION_PREFERS_STRING_CATALOGS = YES;
				MARKETING_VERSION = 1.0;
				MTL_ENABLE_DEBUG_INFO = NO;
				MTL_FAST_MATH = YES;
				PRODUCT_BUNDLE_IDENTIFIER = com.tamakifujino.nose.ShareWithNose;
				PRODUCT_NAME = "$(TARGET_NAME)";
				SDKROOT = iphoneos;
				SKIP_INSTALL = YES;
				STRING_CATALOG_GENERATE_SYMBOLS = YES;
				SWIFT_APPROACHABLE_CONCURRENCY = YES;
				SWIFT_COMPILATION_MODE = wholemodule;
				SWIFT_EMIT_LOC_STRINGS = YES;
				SWIFT_UPCOMING_FEATURE_MEMBER_IMPORT_VISIBILITY = YES;
				SWIFT_VERSION = 5.0;
				TARGETED_DEVICE_FAMILY = "1,2";
				VALIDATE_PRODUCT = YES;
			};
			name = Production;
		};
		49BE6D872DF30415006D6E16 /* Staging */ = {
			isa = XCBuildConfiguration;
			buildSettings = {
				ALWAYS_SEARCH_USER_PATHS = NO;
				ASSETCATALOG_COMPILER_GENERATE_SWIFT_ASSET_SYMBOL_EXTENSIONS = YES;
				CLANG_ANALYZER_LOCALIZABILITY_NONLOCALIZED = YES;
				CLANG_ANALYZER_NONNULL = YES;
				CLANG_ANALYZER_NUMBER_OBJECT_CONVERSION = YES_AGGRESSIVE;
				CLANG_CXX_LANGUAGE_STANDARD = "gnu++20";
				CLANG_ENABLE_MODULES = YES;
				CLANG_ENABLE_OBJC_ARC = YES;
				CLANG_ENABLE_OBJC_WEAK = YES;
				CLANG_WARN_BLOCK_CAPTURE_AUTORELEASING = YES;
				CLANG_WARN_BOOL_CONVERSION = YES;
				CLANG_WARN_COMMA = YES;
				CLANG_WARN_CONSTANT_CONVERSION = YES;
				CLANG_WARN_DEPRECATED_OBJC_IMPLEMENTATIONS = YES;
				CLANG_WARN_DIRECT_OBJC_ISA_USAGE = YES_ERROR;
				CLANG_WARN_DOCUMENTATION_COMMENTS = YES;
				CLANG_WARN_EMPTY_BODY = YES;
				CLANG_WARN_ENUM_CONVERSION = YES;
				CLANG_WARN_INFINITE_RECURSION = YES;
				CLANG_WARN_INT_CONVERSION = YES;
				CLANG_WARN_NON_LITERAL_NULL_CONVERSION = YES;
				CLANG_WARN_OBJC_IMPLICIT_RETAIN_SELF = YES;
				CLANG_WARN_OBJC_LITERAL_CONVERSION = YES;
				CLANG_WARN_OBJC_ROOT_CLASS = YES_ERROR;
				CLANG_WARN_QUOTED_INCLUDE_IN_FRAMEWORK_HEADER = YES;
				CLANG_WARN_RANGE_LOOP_ANALYSIS = YES;
				CLANG_WARN_STRICT_PROTOTYPES = YES;
				CLANG_WARN_SUSPICIOUS_MOVE = YES;
				CLANG_WARN_UNGUARDED_AVAILABILITY = YES_AGGRESSIVE;
				CLANG_WARN_UNREACHABLE_CODE = YES;
				CLANG_WARN__DUPLICATE_METHOD_MATCH = YES;
				COPY_PHASE_STRIP = NO;
				DEBUG_INFORMATION_FORMAT = "dwarf-with-dsym";
				ENABLE_STRICT_OBJC_MSGSEND = YES;
				ENABLE_TESTABILITY = YES;
				ENABLE_USER_SCRIPT_SANDBOXING = YES;
				GCC_C_LANGUAGE_STANDARD = gnu17;
				GCC_DYNAMIC_NO_PIC = NO;
				GCC_NO_COMMON_BLOCKS = YES;
				GCC_OPTIMIZATION_LEVEL = 0;
				GCC_PREPROCESSOR_DEFINITIONS = (
					"DEBUG=1",
					"$(inherited)",
				);
				GCC_WARN_64_TO_32_BIT_CONVERSION = YES;
				GCC_WARN_ABOUT_RETURN_TYPE = YES_ERROR;
				GCC_WARN_UNDECLARED_SELECTOR = YES;
				GCC_WARN_UNINITIALIZED_AUTOS = YES_AGGRESSIVE;
				GCC_WARN_UNUSED_FUNCTION = YES;
				GCC_WARN_UNUSED_VARIABLE = YES;
				IPHONEOS_DEPLOYMENT_TARGET = 18.2;
				LOCALIZATION_PREFERS_STRING_CATALOGS = YES;
				MTL_ENABLE_DEBUG_INFO = INCLUDE_SOURCE;
				MTL_FAST_MATH = YES;
				ONLY_ACTIVE_ARCH = YES;
				SDKROOT = iphoneos;
				SWIFT_ACTIVE_COMPILATION_CONDITIONS = "DEBUG $(inherited)";
				SWIFT_EMIT_LOC_STRINGS = YES;
				SWIFT_OPTIMIZATION_LEVEL = "-Onone";
			};
			name = Staging;
		};
		49BE6D882DF30415006D6E16 /* Staging */ = {
			isa = XCBuildConfiguration;
			baseConfigurationReferenceAnchor = 49E99BF82D3BE432000F3CE5 /* nose */;
			baseConfigurationReferenceRelativePath = Configs/Staging.xcconfig;
			buildSettings = {
				ASSETCATALOG_COMPILER_APPICON_NAME = AppIcon;
				ASSETCATALOG_COMPILER_GLOBAL_ACCENT_COLOR_NAME = AccentColor;
				CLANG_ENABLE_MODULES = YES;
				CODE_SIGN_ENTITLEMENTS = nose/nose.entitlements;
				CODE_SIGN_STYLE = Automatic;
				CURRENT_PROJECT_VERSION = 6;
				DEVELOPMENT_TEAM = Y365Z93L4K;
				ENABLE_USER_SCRIPT_SANDBOXING = NO;
				EXCLUDED_ARCHS = "";
				FRAMEWORK_SEARCH_PATHS = (
					"$(inherited)",
					"$(PROJECT_DIR)",
				);
				GENERATE_INFOPLIST_FILE = NO;
				INFOPLIST_FILE = "$(PROJECT_DIR)/InfoPlist/Info.plist";
				IPHONEOS_DEPLOYMENT_TARGET = 18.0;
				LD_RUNPATH_SEARCH_PATHS = (
					"$(inherited)",
					"@executable_path/Frameworks",
				);
				MARKETING_VERSION = 1.0;
				PRODUCT_BUNDLE_IDENTIFIER = com.tamakifujino.nose;
				PRODUCT_NAME = "$(TARGET_NAME)";
				SWIFT_EMIT_LOC_STRINGS = YES;
				SWIFT_OBJC_BRIDGING_HEADER = "nose-Bridging-Header.h";
				SWIFT_OPTIMIZATION_LEVEL = "-Onone";
				SWIFT_VERSION = 5.0;
				TARGETED_DEVICE_FAMILY = "1,2";
			};
			name = Staging;
		};
		49BE6D892DF30415006D6E16 /* Staging */ = {
			isa = XCBuildConfiguration;
			baseConfigurationReferenceAnchor = 49E99BF82D3BE432000F3CE5 /* nose */;
			baseConfigurationReferenceRelativePath = Configs/Staging.xcconfig;
			buildSettings = {
				BUNDLE_LOADER = "$(TEST_HOST)";
				CODE_SIGN_STYLE = Automatic;
				CURRENT_PROJECT_VERSION = 1;
				GENERATE_INFOPLIST_FILE = NO;
				INFOPLIST_FILE = "$(PROJECT_DIR)/InfoPlist/Info.plist";
				IPHONEOS_DEPLOYMENT_TARGET = 18.2;
				MARKETING_VERSION = 1.0;
				PRODUCT_BUNDLE_IDENTIFIER = com.tamakifujino.noseTests;
				PRODUCT_NAME = "$(TARGET_NAME)";
				SWIFT_EMIT_LOC_STRINGS = NO;
				SWIFT_VERSION = 5.0;
				TARGETED_DEVICE_FAMILY = "1,2";
				TEST_HOST = "$(BUILT_PRODUCTS_DIR)/nose.app/$(BUNDLE_EXECUTABLE_FOLDER_PATH)/nose";
			};
			name = Staging;
		};
		49BE6D8A2DF30415006D6E16 /* Staging */ = {
			isa = XCBuildConfiguration;
			baseConfigurationReferenceAnchor = 49E99BF82D3BE432000F3CE5 /* nose */;
			baseConfigurationReferenceRelativePath = Configs/Staging.xcconfig;
			buildSettings = {
				CODE_SIGN_STYLE = Automatic;
				CURRENT_PROJECT_VERSION = 1;
				GENERATE_INFOPLIST_FILE = NO;
				INFOPLIST_FILE = "$(PROJECT_DIR)/InfoPlist/Info.plist";
				MARKETING_VERSION = 1.0;
				PRODUCT_BUNDLE_IDENTIFIER = com.tamakifujino.noseUITests;
				PRODUCT_NAME = "$(TARGET_NAME)";
				SWIFT_EMIT_LOC_STRINGS = NO;
				SWIFT_VERSION = 5.0;
				TARGETED_DEVICE_FAMILY = "1,2";
				TEST_TARGET_NAME = nose;
			};
			name = Staging;
		};
		49E99C202D3BE433000F3CE5 /* Development */ = {
			isa = XCBuildConfiguration;
			baseConfigurationReferenceAnchor = 49E99BF82D3BE432000F3CE5 /* nose */;
			baseConfigurationReferenceRelativePath = Configs/Development.xcconfig;
			buildSettings = {
				ASSETCATALOG_COMPILER_APPICON_NAME = AppIcon;
				ASSETCATALOG_COMPILER_GLOBAL_ACCENT_COLOR_NAME = AccentColor;
				CLANG_ENABLE_MODULES = YES;
				CODE_SIGN_ENTITLEMENTS = nose/nose.entitlements;
				CODE_SIGN_STYLE = Automatic;
				CURRENT_PROJECT_VERSION = 6;
				DEVELOPMENT_TEAM = Y365Z93L4K;
				ENABLE_USER_SCRIPT_SANDBOXING = NO;
				EXCLUDED_ARCHS = "";
				FRAMEWORK_SEARCH_PATHS = (
					"$(inherited)",
					"$(PROJECT_DIR)",
				);
				GENERATE_INFOPLIST_FILE = NO;
				INFOPLIST_FILE = "$(PROJECT_DIR)/InfoPlist/Info.plist";
				IPHONEOS_DEPLOYMENT_TARGET = 18.0;
				LD_RUNPATH_SEARCH_PATHS = (
					"$(inherited)",
					"@executable_path/Frameworks",
				);
				MARKETING_VERSION = 1.0;
				PRODUCT_BUNDLE_IDENTIFIER = com.tamakifujino.nose;
				PRODUCT_NAME = "$(TARGET_NAME)";
				SWIFT_EMIT_LOC_STRINGS = YES;
				SWIFT_OBJC_BRIDGING_HEADER = "nose-Bridging-Header.h";
				SWIFT_OPTIMIZATION_LEVEL = "-Onone";
				SWIFT_VERSION = 5.0;
				TARGETED_DEVICE_FAMILY = "1,2";
			};
			name = Development;
		};
		49E99C212D3BE433000F3CE5 /* Production */ = {
			isa = XCBuildConfiguration;
			baseConfigurationReferenceAnchor = 49E99BF82D3BE432000F3CE5 /* nose */;
			baseConfigurationReferenceRelativePath = Configs/Production.xcconfig;
			buildSettings = {
				ASSETCATALOG_COMPILER_APPICON_NAME = AppIcon;
				ASSETCATALOG_COMPILER_GLOBAL_ACCENT_COLOR_NAME = AccentColor;
				CLANG_ENABLE_MODULES = YES;
				CODE_SIGN_ENTITLEMENTS = nose/nose.entitlements;
				CODE_SIGN_STYLE = Automatic;
				CURRENT_PROJECT_VERSION = 6;
				DEVELOPMENT_TEAM = Y365Z93L4K;
				ENABLE_USER_SCRIPT_SANDBOXING = NO;
				EXCLUDED_ARCHS = "";
				FRAMEWORK_SEARCH_PATHS = (
					"$(inherited)",
					"$(PROJECT_DIR)",
				);
				GENERATE_INFOPLIST_FILE = NO;
				INFOPLIST_FILE = "$(PROJECT_DIR)/InfoPlist/Info.plist";
				IPHONEOS_DEPLOYMENT_TARGET = 18.0;
				LD_RUNPATH_SEARCH_PATHS = (
					"$(inherited)",
					"@executable_path/Frameworks",
				);
				MARKETING_VERSION = 1.0;
				PRODUCT_BUNDLE_IDENTIFIER = com.tamakifujino.nose;
				PRODUCT_NAME = "$(TARGET_NAME)";
				SWIFT_EMIT_LOC_STRINGS = YES;
				SWIFT_OBJC_BRIDGING_HEADER = "nose-Bridging-Header.h";
				SWIFT_VERSION = 5.0;
				TARGETED_DEVICE_FAMILY = "1,2";
			};
			name = Production;
		};
		49E99C222D3BE433000F3CE5 /* Development */ = {
			isa = XCBuildConfiguration;
			buildSettings = {
				ALWAYS_SEARCH_USER_PATHS = NO;
				ASSETCATALOG_COMPILER_GENERATE_SWIFT_ASSET_SYMBOL_EXTENSIONS = YES;
				CLANG_ANALYZER_LOCALIZABILITY_NONLOCALIZED = YES;
				CLANG_ANALYZER_NONNULL = YES;
				CLANG_ANALYZER_NUMBER_OBJECT_CONVERSION = YES_AGGRESSIVE;
				CLANG_CXX_LANGUAGE_STANDARD = "gnu++20";
				CLANG_ENABLE_MODULES = YES;
				CLANG_ENABLE_OBJC_ARC = YES;
				CLANG_ENABLE_OBJC_WEAK = YES;
				CLANG_WARN_BLOCK_CAPTURE_AUTORELEASING = YES;
				CLANG_WARN_BOOL_CONVERSION = YES;
				CLANG_WARN_COMMA = YES;
				CLANG_WARN_CONSTANT_CONVERSION = YES;
				CLANG_WARN_DEPRECATED_OBJC_IMPLEMENTATIONS = YES;
				CLANG_WARN_DIRECT_OBJC_ISA_USAGE = YES_ERROR;
				CLANG_WARN_DOCUMENTATION_COMMENTS = YES;
				CLANG_WARN_EMPTY_BODY = YES;
				CLANG_WARN_ENUM_CONVERSION = YES;
				CLANG_WARN_INFINITE_RECURSION = YES;
				CLANG_WARN_INT_CONVERSION = YES;
				CLANG_WARN_NON_LITERAL_NULL_CONVERSION = YES;
				CLANG_WARN_OBJC_IMPLICIT_RETAIN_SELF = YES;
				CLANG_WARN_OBJC_LITERAL_CONVERSION = YES;
				CLANG_WARN_OBJC_ROOT_CLASS = YES_ERROR;
				CLANG_WARN_QUOTED_INCLUDE_IN_FRAMEWORK_HEADER = YES;
				CLANG_WARN_RANGE_LOOP_ANALYSIS = YES;
				CLANG_WARN_STRICT_PROTOTYPES = YES;
				CLANG_WARN_SUSPICIOUS_MOVE = YES;
				CLANG_WARN_UNGUARDED_AVAILABILITY = YES_AGGRESSIVE;
				CLANG_WARN_UNREACHABLE_CODE = YES;
				CLANG_WARN__DUPLICATE_METHOD_MATCH = YES;
				COPY_PHASE_STRIP = NO;
				DEBUG_INFORMATION_FORMAT = dwarf;
				ENABLE_STRICT_OBJC_MSGSEND = YES;
				ENABLE_TESTABILITY = YES;
				ENABLE_USER_SCRIPT_SANDBOXING = YES;
				GCC_C_LANGUAGE_STANDARD = gnu17;
				GCC_DYNAMIC_NO_PIC = NO;
				GCC_NO_COMMON_BLOCKS = YES;
				GCC_OPTIMIZATION_LEVEL = 0;
				GCC_PREPROCESSOR_DEFINITIONS = (
					"DEBUG=1",
					"$(inherited)",
				);
				GCC_WARN_64_TO_32_BIT_CONVERSION = YES;
				GCC_WARN_ABOUT_RETURN_TYPE = YES_ERROR;
				GCC_WARN_UNDECLARED_SELECTOR = YES;
				GCC_WARN_UNINITIALIZED_AUTOS = YES_AGGRESSIVE;
				GCC_WARN_UNUSED_FUNCTION = YES;
				GCC_WARN_UNUSED_VARIABLE = YES;
				IPHONEOS_DEPLOYMENT_TARGET = 18.2;
				LOCALIZATION_PREFERS_STRING_CATALOGS = YES;
				MTL_ENABLE_DEBUG_INFO = INCLUDE_SOURCE;
				MTL_FAST_MATH = YES;
				ONLY_ACTIVE_ARCH = YES;
				SDKROOT = iphoneos;
				SWIFT_ACTIVE_COMPILATION_CONDITIONS = "DEBUG $(inherited)";
				SWIFT_EMIT_LOC_STRINGS = YES;
				SWIFT_OPTIMIZATION_LEVEL = "-Onone";
			};
			name = Development;
		};
		49E99C232D3BE433000F3CE5 /* Production */ = {
			isa = XCBuildConfiguration;
			buildSettings = {
				ALWAYS_SEARCH_USER_PATHS = NO;
				ASSETCATALOG_COMPILER_GENERATE_SWIFT_ASSET_SYMBOL_EXTENSIONS = YES;
				CLANG_ANALYZER_LOCALIZABILITY_NONLOCALIZED = YES;
				CLANG_ANALYZER_NONNULL = YES;
				CLANG_ANALYZER_NUMBER_OBJECT_CONVERSION = YES_AGGRESSIVE;
				CLANG_CXX_LANGUAGE_STANDARD = "gnu++20";
				CLANG_ENABLE_MODULES = YES;
				CLANG_ENABLE_OBJC_ARC = YES;
				CLANG_ENABLE_OBJC_WEAK = YES;
				CLANG_WARN_BLOCK_CAPTURE_AUTORELEASING = YES;
				CLANG_WARN_BOOL_CONVERSION = YES;
				CLANG_WARN_COMMA = YES;
				CLANG_WARN_CONSTANT_CONVERSION = YES;
				CLANG_WARN_DEPRECATED_OBJC_IMPLEMENTATIONS = YES;
				CLANG_WARN_DIRECT_OBJC_ISA_USAGE = YES_ERROR;
				CLANG_WARN_DOCUMENTATION_COMMENTS = YES;
				CLANG_WARN_EMPTY_BODY = YES;
				CLANG_WARN_ENUM_CONVERSION = YES;
				CLANG_WARN_INFINITE_RECURSION = YES;
				CLANG_WARN_INT_CONVERSION = YES;
				CLANG_WARN_NON_LITERAL_NULL_CONVERSION = YES;
				CLANG_WARN_OBJC_IMPLICIT_RETAIN_SELF = YES;
				CLANG_WARN_OBJC_LITERAL_CONVERSION = YES;
				CLANG_WARN_OBJC_ROOT_CLASS = YES_ERROR;
				CLANG_WARN_QUOTED_INCLUDE_IN_FRAMEWORK_HEADER = YES;
				CLANG_WARN_RANGE_LOOP_ANALYSIS = YES;
				CLANG_WARN_STRICT_PROTOTYPES = YES;
				CLANG_WARN_SUSPICIOUS_MOVE = YES;
				CLANG_WARN_UNGUARDED_AVAILABILITY = YES_AGGRESSIVE;
				CLANG_WARN_UNREACHABLE_CODE = YES;
				CLANG_WARN__DUPLICATE_METHOD_MATCH = YES;
				COPY_PHASE_STRIP = NO;
				DEBUG_INFORMATION_FORMAT = "dwarf-with-dsym";
				ENABLE_NS_ASSERTIONS = NO;
				ENABLE_STRICT_OBJC_MSGSEND = YES;
				ENABLE_USER_SCRIPT_SANDBOXING = YES;
				GCC_C_LANGUAGE_STANDARD = gnu17;
				GCC_NO_COMMON_BLOCKS = YES;
				GCC_WARN_64_TO_32_BIT_CONVERSION = YES;
				GCC_WARN_ABOUT_RETURN_TYPE = YES_ERROR;
				GCC_WARN_UNDECLARED_SELECTOR = YES;
				GCC_WARN_UNINITIALIZED_AUTOS = YES_AGGRESSIVE;
				GCC_WARN_UNUSED_FUNCTION = YES;
				GCC_WARN_UNUSED_VARIABLE = YES;
				IPHONEOS_DEPLOYMENT_TARGET = 18.2;
				LOCALIZATION_PREFERS_STRING_CATALOGS = YES;
				MTL_ENABLE_DEBUG_INFO = NO;
				MTL_FAST_MATH = YES;
				SDKROOT = iphoneos;
				SWIFT_COMPILATION_MODE = wholemodule;
				SWIFT_EMIT_LOC_STRINGS = YES;
				VALIDATE_PRODUCT = YES;
			};
			name = Production;
		};
		49E99C252D3BE433000F3CE5 /* Development */ = {
			isa = XCBuildConfiguration;
			baseConfigurationReferenceAnchor = 49E99BF82D3BE432000F3CE5 /* nose */;
			baseConfigurationReferenceRelativePath = Configs/Development.xcconfig;
			buildSettings = {
				BUNDLE_LOADER = "$(TEST_HOST)";
				CODE_SIGN_STYLE = Automatic;
				CURRENT_PROJECT_VERSION = 1;
				GENERATE_INFOPLIST_FILE = NO;
				INFOPLIST_FILE = "$(PROJECT_DIR)/InfoPlist/Info.plist";
				IPHONEOS_DEPLOYMENT_TARGET = 18.2;
				MARKETING_VERSION = 1.0;
				PRODUCT_BUNDLE_IDENTIFIER = com.tamakifujino.noseTests;
				PRODUCT_NAME = "$(TARGET_NAME)";
				SWIFT_EMIT_LOC_STRINGS = NO;
				SWIFT_VERSION = 5.0;
				TARGETED_DEVICE_FAMILY = "1,2";
				TEST_HOST = "$(BUILT_PRODUCTS_DIR)/nose.app/$(BUNDLE_EXECUTABLE_FOLDER_PATH)/nose";
			};
			name = Development;
		};
		49E99C262D3BE433000F3CE5 /* Production */ = {
			isa = XCBuildConfiguration;
			baseConfigurationReferenceAnchor = 49E99BF82D3BE432000F3CE5 /* nose */;
			baseConfigurationReferenceRelativePath = Configs/Production.xcconfig;
			buildSettings = {
				BUNDLE_LOADER = "$(TEST_HOST)";
				CODE_SIGN_STYLE = Automatic;
				CURRENT_PROJECT_VERSION = 1;
				GENERATE_INFOPLIST_FILE = NO;
				INFOPLIST_FILE = "$(PROJECT_DIR)/InfoPlist/Info.plist";
				IPHONEOS_DEPLOYMENT_TARGET = 18.2;
				MARKETING_VERSION = 1.0;
				PRODUCT_BUNDLE_IDENTIFIER = com.tamakifujino.noseTests;
				PRODUCT_NAME = "$(TARGET_NAME)";
				SWIFT_EMIT_LOC_STRINGS = NO;
				SWIFT_VERSION = 5.0;
				TARGETED_DEVICE_FAMILY = "1,2";
				TEST_HOST = "$(BUILT_PRODUCTS_DIR)/nose.app/$(BUNDLE_EXECUTABLE_FOLDER_PATH)/nose";
			};
			name = Production;
		};
		49E99C282D3BE433000F3CE5 /* Development */ = {
			isa = XCBuildConfiguration;
			baseConfigurationReferenceAnchor = 49E99BF82D3BE432000F3CE5 /* nose */;
			baseConfigurationReferenceRelativePath = Configs/Development.xcconfig;
			buildSettings = {
				CODE_SIGN_STYLE = Automatic;
				CURRENT_PROJECT_VERSION = 1;
				GENERATE_INFOPLIST_FILE = NO;
				INFOPLIST_FILE = "$(PROJECT_DIR)/InfoPlist/Info.plist";
				MARKETING_VERSION = 1.0;
				PRODUCT_BUNDLE_IDENTIFIER = com.tamakifujino.noseUITests;
				PRODUCT_NAME = "$(TARGET_NAME)";
				SWIFT_EMIT_LOC_STRINGS = NO;
				SWIFT_VERSION = 5.0;
				TARGETED_DEVICE_FAMILY = "1,2";
				TEST_TARGET_NAME = nose;
			};
			name = Development;
		};
		49E99C292D3BE433000F3CE5 /* Production */ = {
			isa = XCBuildConfiguration;
			baseConfigurationReferenceAnchor = 49E99BF82D3BE432000F3CE5 /* nose */;
			baseConfigurationReferenceRelativePath = Configs/Production.xcconfig;
			buildSettings = {
				CODE_SIGN_STYLE = Automatic;
				CURRENT_PROJECT_VERSION = 1;
				GENERATE_INFOPLIST_FILE = NO;
				INFOPLIST_FILE = "$(PROJECT_DIR)/InfoPlist/Info.plist";
				MARKETING_VERSION = 1.0;
				PRODUCT_BUNDLE_IDENTIFIER = com.tamakifujino.noseUITests;
				PRODUCT_NAME = "$(TARGET_NAME)";
				SWIFT_EMIT_LOC_STRINGS = NO;
				SWIFT_VERSION = 5.0;
				TARGETED_DEVICE_FAMILY = "1,2";
				TEST_TARGET_NAME = nose;
			};
			name = Production;
		};
/* End XCBuildConfiguration section */

/* Begin XCConfigurationList section */
		491FD1FF2ECA18C30085D3BA /* Build configuration list for PBXNativeTarget "ShareWithNose" */ = {
			isa = XCConfigurationList;
			buildConfigurations = (
				491FD2002ECA18C30085D3BA /* Development */,
				491FD2012ECA18C30085D3BA /* Staging */,
				491FD2022ECA18C30085D3BA /* Production */,
			);
			defaultConfigurationIsVisible = 0;
			defaultConfigurationName = Production;
		};
		49E99BF12D3BE432000F3CE5 /* Build configuration list for PBXProject "nose" */ = {
			isa = XCConfigurationList;
			buildConfigurations = (
				49E99C222D3BE433000F3CE5 /* Development */,
				49BE6D872DF30415006D6E16 /* Staging */,
				49E99C232D3BE433000F3CE5 /* Production */,
			);
			defaultConfigurationIsVisible = 0;
			defaultConfigurationName = Production;
		};
		49E99C1F2D3BE433000F3CE5 /* Build configuration list for PBXNativeTarget "nose" */ = {
			isa = XCConfigurationList;
			buildConfigurations = (
				49E99C202D3BE433000F3CE5 /* Development */,
				49BE6D882DF30415006D6E16 /* Staging */,
				49E99C212D3BE433000F3CE5 /* Production */,
			);
			defaultConfigurationIsVisible = 0;
			defaultConfigurationName = Production;
		};
		49E99C242D3BE433000F3CE5 /* Build configuration list for PBXNativeTarget "noseTests" */ = {
			isa = XCConfigurationList;
			buildConfigurations = (
				49E99C252D3BE433000F3CE5 /* Development */,
				49BE6D892DF30415006D6E16 /* Staging */,
				49E99C262D3BE433000F3CE5 /* Production */,
			);
			defaultConfigurationIsVisible = 0;
			defaultConfigurationName = Production;
		};
		49E99C272D3BE433000F3CE5 /* Build configuration list for PBXNativeTarget "noseUITests" */ = {
			isa = XCConfigurationList;
			buildConfigurations = (
				49E99C282D3BE433000F3CE5 /* Development */,
				49BE6D8A2DF30415006D6E16 /* Staging */,
				49E99C292D3BE433000F3CE5 /* Production */,
			);
			defaultConfigurationIsVisible = 0;
			defaultConfigurationName = Production;
		};
/* End XCConfigurationList section */
	};
	rootObject = 49E99BEE2D3BE432000F3CE5 /* Project object */;
}
